
Microsoft Visual Studio Solution File, Format Version 12.00
# Visual Studio 15
VisualStudioVersion = 15.0.26430.12
MinimumVisualStudioVersion = 10.0.40219.1
Project("{FAE04EC0-301F-11D3-BF4B-00C04F79EFBC}") = "HostApp", "HostApp\HostApp.csproj", "{332D2A63-0BD8-4BC8-89D8-87A43A88869F}"
	ProjectSection(ProjectDependencies) = postProject
		{0CD46A9B-B67E-4A20-B71C-ABBE157B2FE1} = {0CD46A9B-B67E-4A20-B71C-ABBE157B2FE1}
	EndProjectSection
EndProject
Project("{2150E333-8FDC-42A3-9474-1A3956D46DE8}") = "Transport", "Transport", "{413A8310-3068-4D01-8A5A-DED391183F0B}"
EndProject
Project("{2150E333-8FDC-42A3-9474-1A3956D46DE8}") = "Data", "Data", "{1529D139-F376-45B2-984E-67DADA5D8697}"
EndProject
Project("{FAE04EC0-301F-11D3-BF4B-00C04F79EFBC}") = "AltaMySqlDB", "Data\AltaMySqlDB\AltaMySqlDB.csproj", "{DED6298D-FC63-470A-AE29-5DC94549DC08}"
EndProject
Project("{2150E333-8FDC-42A3-9474-1A3956D46DE8}") = "Supervision", "Supervision", "{F2A02F1A-70D0-474E-A680-A72268622889}"
EndProject
Project("{FAE04EC0-301F-11D3-BF4B-00C04F79EFBC}") = "AltaTransport", "Transport\AltaTransport\AltaTransport.csproj", "{86774E1E-C73B-4B54-A282-B713B8833147}"
EndProject
Project("{FAE04EC0-301F-11D3-BF4B-00C04F79EFBC}") = "AltaLog", "Commons\AltaLog\AltaLog.csproj", "{BA078396-BA39-4FCF-AACB-5EC07B4DADDD}"
EndProject
Project("{FAE04EC0-301F-11D3-BF4B-00C04F79EFBC}") = "BaseApp", "..\base\BaseApp\BaseApp\BaseApp.csproj", "{0CD46A9B-B67E-4A20-B71C-ABBE157B2FE1}"
EndProject
Project("{FAE04EC0-301F-11D3-BF4B-00C04F79EFBC}") = "AltaArchive", "Data\AltaArchive\AltaArchive.csproj", "{7871CDA6-FAB9-4C00-A31B-3A9BE0C9572D}"
EndProject
Project("{2150E333-8FDC-42A3-9474-1A3956D46DE8}") = "Merchants", "Merchants", "{A83AF344-6A15-4F6E-A752-394447C5D6F4}"
EndProject
Project("{2150E333-8FDC-42A3-9474-1A3956D46DE8}") = "DocumentFormation", "DocumentFormation", "{494F4C87-C575-4AAC-BFD1-CAE1F47E3456}"
EndProject
Project("{FAE04EC0-301F-11D3-BF4B-00C04F79EFBC}") = "DocumentFormationApp", "DocumentFormation\DocumentFormationApp\DocumentFormationApp.csproj", "{132BFBD2-74FF-452B-9C1F-FB77BE14A9AD}"
EndProject
Project("{FAE04EC0-301F-11D3-BF4B-00C04F79EFBC}") = "DocumentFormationUI", "DocumentFormation\DocumentFormationUI\DocumentFormationUI.csproj", "{0A5F361B-C9C2-46F1-B426-0DEBFA484059}"
EndProject
Project("{2150E333-8FDC-42A3-9474-1A3956D46DE8}") = "Commons", "Commons", "{24D8114E-0FD9-418E-A045-EE5E41E0FAB3}"
EndProject
Project("{FAE04EC0-301F-11D3-BF4B-00C04F79EFBC}") = "AltaBO", "Data\AltaBO\AltaBO.csproj", "{19F4F68E-966A-42FF-936B-9CD435A3F862}"
EndProject
Project("{2150E333-8FDC-42A3-9474-1A3956D46DE8}") = "Services", "Services", "{8C918E17-1AC4-40BB-BE53-727F225EEAEF}"
EndProject
Project("{FAE04EC0-301F-11D3-BF4B-00C04F79EFBC}") = "AltaDock", "Commons\AltaDock\AltaDock.csproj", "{154B1F08-68A0-4D7C-A179-96E7B348BE36}"
EndProject
Project("{FAE04EC0-301F-11D3-BF4B-00C04F79EFBC}") = "AltaWindowsService", "AltaWindowsService\AltaWindowsService.csproj", "{425CF3B5-FB85-4EE6-9285-F6161DBC4371}"
EndProject
Project("{FAE04EC0-301F-11D3-BF4B-00C04F79EFBC}") = "AltaWindowsNotification", "Supervision\AltaWindowsNotification\AltaWindowsNotification.csproj", "{D462F990-1E44-4DDB-9A8D-1A74F60AA59B}"
EndProject
Project("{FAE04EC0-301F-11D3-BF4B-00C04F79EFBC}") = "SupervisionApp", "Supervision\SupervisionApp\SupervisionApp.csproj", "{BBF5759C-4718-4602-887C-1F3C47E1D222}"
EndProject
Project("{FAE04EC0-301F-11D3-BF4B-00C04F79EFBC}") = "SupervisionModel", "Supervision\SupervisionModel\SupervisionModel.csproj", "{4EFE4CE8-A773-4B74-859B-29D32147758C}"
EndProject
Project("{FAE04EC0-301F-11D3-BF4B-00C04F79EFBC}") = "AltaTransportUI", "Transport\AltaTransportUI\AltaTransportUI.csproj", "{79AA393C-563E-4ED9-A6EE-B068D6D7F627}"
EndProject
Project("{2150E333-8FDC-42A3-9474-1A3956D46DE8}") = "General", "General", "{0A044F4D-7488-4B23-A73F-87809DD3324D}"
EndProject
Project("{2150E333-8FDC-42A3-9474-1A3956D46DE8}") = "Resources", "Resources", "{676EAF0A-3C48-48C7-A885-97595AD6AA2D}"
EndProject
Project("{FAE04EC0-301F-11D3-BF4B-00C04F79EFBC}") = "AltaResources", "General\Resources\AltaResources.csproj", "{004A9543-8B41-4E09-952F-644F76604596}"
EndProject
Project("{2150E333-8FDC-42A3-9474-1A3956D46DE8}") = "Cabinet", "Cabinet", "{FBEA1EAD-771E-4F21-AEF8-4D78B82544E6}"
EndProject
Project("{2150E333-8FDC-42A3-9474-1A3956D46DE8}") = "API", "API", "{DE0011BD-97D2-43F9-920A-BA7F9E01698C}"
EndProject
Project("{2150E333-8FDC-42A3-9474-1A3956D46DE8}") = "WebUI", "WebUI", "{4D59ADBD-AD76-44F1-AC55-9C4094AB49BF}"
EndProject
Project("{2150E333-8FDC-42A3-9474-1A3956D46DE8}") = "Merchant", "Merchant", "{109EE2FF-1917-44DA-BABC-286E905AB89C}"
EndProject
Project("{FAE04EC0-301F-11D3-BF4B-00C04F79EFBC}") = "AltaOffice", "DocumentFormation\Services\AltaOffice\AltaOffice.csproj", "{4A2ABB6D-F193-44FE-ABAE-AAC208EFD718}"
EndProject
Project("{FAE04EC0-301F-11D3-BF4B-00C04F79EFBC}") = "DocumentFormationServices", "DocumentFormation\Services\DocumentFormationServices\DocumentFormationServices.csproj", "{7C17A011-6056-4ACE-ACD8-0FC6090DD945}"
EndProject
Project("{FAE04EC0-301F-11D3-BF4B-00C04F79EFBC}") = "AuthorizationCenter", "API\AuthorizationCenter\AuthorizationCenter.csproj", "{F0E14C4C-4225-4376-90D6-5DF035BDF10B}"
EndProject
Project("{FAE04EC0-301F-11D3-BF4B-00C04F79EFBC}") = "ServerApp", "API\ServerApp\ServerApp.csproj", "{E040550E-E138-4EFA-8890-AC48894751A4}"
EndProject
Project("{FAE04EC0-301F-11D3-BF4B-00C04F79EFBC}") = "MerchantBP", "Transport\Merchants\CustomerSpecifics\MerchantBP.csproj", "{C1694576-B6A9-46C3-83BE-E25E60563984}"
EndProject
Project("{FAE04EC0-301F-11D3-BF4B-00C04F79EFBC}") = "KarazhiraCabinet", "WebUI\Cabinet\Merchant\KarazhiraCabinet\KarazhiraCabinet.csproj", "{3B31520C-6232-4DB7-A422-F62894A211F6}"
EndProject
Project("{FAE04EC0-301F-11D3-BF4B-00C04F79EFBC}") = "SupplierCabinet", "WebUI\Cabinet\SupplierCabinet\SupplierCabinet.csproj", "{5A00E81A-58CB-40B0-A679-1C2AF3A4551C}"
EndProject
Project("{FAE04EC0-301F-11D3-BF4B-00C04F79EFBC}") = "AltaArchiveApp", "Data\AltaArchiveApp\AltaArchiveApp.csproj", "{E85AFC47-2F32-4CD1-A81F-863FB9EE7E91}"
EndProject
Project("{2150E333-8FDC-42A3-9474-1A3956D46DE8}") = "Demos", "Demos", "{7E456E18-29BE-439E-A1D5-33418517EA1F}"
EndProject
Project("{FAE04EC0-301F-11D3-BF4B-00C04F79EFBC}") = "CustomerCabinetDemo", "WebUI\Demos\CustomerCabinetDemo\CustomerCabinetDemo.csproj", "{EB156352-786D-44FB-A800-4C81652259B3}"
EndProject
Project("{FAE04EC0-301F-11D3-BF4B-00C04F79EFBC}") = "SupplierCabinetDemo", "WebUI\Demos\SupplierCabinetDemo\SupplierCabinetDemo.csproj", "{5CB89FB1-84AA-419D-A31D-7F5BAB8EF15A}"
EndProject
Project("{FAE04EC0-301F-11D3-BF4B-00C04F79EFBC}") = "BrokerCabinet", "WebUI\Cabinet\BrokerCabinet\BrokerCabinet.csproj", "{DAF28A86-E903-4264-8E0A-D002C9B6E16A}"
EndProject
Project("{FAE04EC0-301F-11D3-BF4B-00C04F79EFBC}") = "KazMineralsCabinet", "WebUI\Cabinet\Merchant\KazMineralsCabinet\KazMineralsCabinet.csproj", "{F0EF4485-07B1-457D-A3E6-F631C179C2E6}"
EndProject
Project("{FAE04EC0-301F-11D3-BF4B-00C04F79EFBC}") = "KazMineralsViewCabinet", "WebUI\Cabinet\Merchant\KazMineralsViewCabinet\KazMineralsViewCabinet.csproj", "{B7B9BBE8-6F2B-4D3B-9D60-18E00BCFD9DE}"
EndProject
Project("{FAE04EC0-301F-11D3-BF4B-00C04F79EFBC}") = "InkaiCabinet", "WebUI\Cabinet\Merchant\InkaiCabinet\InkaiCabinet.csproj", "{4D2B723E-AD48-4188-8059-900A9A39D299}"
EndProject
Project("{FAE04EC0-301F-11D3-BF4B-00C04F79EFBC}") = "PolymetalCabinet", "WebUI\Cabinet\Merchant\PolymetalCabinet\PolymetalCabinet.csproj", "{C75E876D-56DA-4C6B-A625-4B8A657CB9A6}"
EndProject
Project("{FAE04EC0-301F-11D3-BF4B-00C04F79EFBC}") = "FikAlelCabinet", "WebUI\Cabinet\Merchant\FikAlelCabinet\FikAlelCabinet.csproj", "{A4590EF5-0F0E-4D1F-ACAE-2B27CAC8BAD2}"
EndProject
Project("{FAE04EC0-301F-11D3-BF4B-00C04F79EFBC}") = "ETSApp", "API\ETSApp\ETSApp.csproj", "{AD9719C5-2D22-4511-B714-B55A0F539CAE}"
EndProject
Project("{FAE04EC0-301F-11D3-BF4B-00C04F79EFBC}") = "KazMineralsServiceCabinet", "WebUI\Cabinet\Merchant\KazMineralsServiceCabinet\KazMineralsServiceCabinet.csproj", "{98BB953A-7040-46F3-93A9-E66B39BA206E}"
EndProject
Project("{FAE04EC0-301F-11D3-BF4B-00C04F79EFBC}") = "Karazhira", "WebUI\Cabinet\Merchant\Karazhira\Karazhira.csproj", "{8F2E8CBC-1C01-4A09-8336-D9BCAC8C6847}"
EndProject
Project("{FAE04EC0-301F-11D3-BF4B-00C04F79EFBC}") = "AuthorizationApp", "API\AuthorizationApp\AuthorizationApp.csproj", "{6A2D9D21-B1ED-4983-BC3E-D5150B7179CB}"
EndProject
Project("{FAE04EC0-301F-11D3-BF4B-00C04F79EFBC}") = "BridgeApp", "API\BridgeApi\BridgeApp.csproj", "{BB846045-661E-40D0-AE94-A09E259D2C6A}"
EndProject
Project("{FAE04EC0-301F-11D3-BF4B-00C04F79EFBC}") = "ETSOnlineBind", "API\ETSOnlineBind\ETSOnlineBind.csproj", "{EE25C110-9C41-45E3-8DF4-11D61DB13EF3}"
EndProject
Project("{FAE04EC0-301F-11D3-BF4B-00C04F79EFBC}") = "AltaPost", "Data\AltaPost\AltaPost.csproj", "{7BA05BD4-97CA-4607-9E74-18335B9EB111}"
EndProject
Project("{FAE04EC0-301F-11D3-BF4B-00C04F79EFBC}") = "AltaArchiveUI", "Data\AltaArchiveUI\AltaArchiveUI.csproj", "{6EAE232D-7381-4A9A-BBA6-D64DD41FEC3F}"
EndProject
Project("{FAE04EC0-301F-11D3-BF4B-00C04F79EFBC}") = "AltaReportsApp", "Data\AltaReportsApp\AltaReportsApp.csproj", "{5C5DA364-C14D-47C6-BD80-B1A6CF437CF4}"
EndProject
Project("{FAE04EC0-301F-11D3-BF4B-00C04F79EFBC}") = "AltaReportsUI", "Data\AltaReportsUI\AltaReportsUI.csproj", "{4575607C-2F5A-46E3-9F3B-465B0B7A287C}"
EndProject
Project("{FAE04EC0-301F-11D3-BF4B-00C04F79EFBC}") = "AltaTradingSystemUI", "Data\AltaTradingSystemUI\AltaTradingSystemUI.csproj", "{D6880D82-B48B-4D4A-A284-F57930F86FC4}"
EndProject
Project("{FAE04EC0-301F-11D3-BF4B-00C04F79EFBC}") = "AltaTradingSystemApp", "Data\AltaTradingSystemApp\AltaTradingSystemApp.csproj", "{76C4BDF9-8D01-4E7E-B9DE-4ECAF66A3F0B}"
EndProject
Project("{FAE04EC0-301F-11D3-BF4B-00C04F79EFBC}") = "PaydaTrade", "WebUI\Cabinet\Merchant\PaydaTrade\PaydaTrade.csproj", "{3DCDFE09-0A0F-4ECF-B107-D8FCDADBCEEA}"
EndProject
Project("{FAE04EC0-301F-11D3-BF4B-00C04F79EFBC}") = "VostokCabinet", "WebUI\Cabinet\Merchant\VostokCabinet\VostokCabinet.csproj", "{2F4402EA-3910-49C9-B886-1702BFB7949B}"
EndProject
Project("{FAE04EC0-301F-11D3-BF4B-00C04F79EFBC}") = "CustomerCabinet", "WebUI\Cabinet\CustomerCabinet\CustomerCabinet.csproj", "{46976426-B503-4831-AAF5-4A679BAA8592}"
EndProject
Project("{2150E333-8FDC-42A3-9474-1A3956D46DE8}") = "DesktopUI", "DesktopUI", "{261696AC-283B-40E7-B84A-13A04888452B}"
EndProject
Project("{FAE04EC0-301F-11D3-BF4B-00C04F79EFBC}") = "BrokerUI", "BrokerUI\BrokerUI.csproj", "{E99CFD4D-1630-4572-BBDF-E80CD7C736E6}"
EndProject
Global
	GlobalSection(SolutionConfigurationPlatforms) = preSolution
		Debug_test|Any CPU = Debug_test|Any CPU
		Debug_test|x86 = Debug_test|x86
		Debug|Any CPU = Debug|Any CPU
		Debug|x86 = Debug|x86
		Release_and_Deplay|Any CPU = Release_and_Deplay|Any CPU
		Release_and_Deplay|x86 = Release_and_Deplay|x86
		Release|Any CPU = Release|Any CPU
		Release|x86 = Release|x86
	EndGlobalSection
	GlobalSection(ProjectConfigurationPlatforms) = postSolution
		{332D2A63-0BD8-4BC8-89D8-87A43A88869F}.Debug_test|Any CPU.ActiveCfg = Debug_test|Any CPU
		{332D2A63-0BD8-4BC8-89D8-87A43A88869F}.Debug_test|Any CPU.Build.0 = Debug_test|Any CPU
		{332D2A63-0BD8-4BC8-89D8-87A43A88869F}.Debug_test|x86.ActiveCfg = Debug_test|x86
		{332D2A63-0BD8-4BC8-89D8-87A43A88869F}.Debug_test|x86.Build.0 = Debug_test|x86
		{332D2A63-0BD8-4BC8-89D8-87A43A88869F}.Debug|Any CPU.ActiveCfg = Debug|Any CPU
		{332D2A63-0BD8-4BC8-89D8-87A43A88869F}.Debug|Any CPU.Build.0 = Debug|Any CPU
		{332D2A63-0BD8-4BC8-89D8-87A43A88869F}.Debug|x86.ActiveCfg = Debug|x86
		{332D2A63-0BD8-4BC8-89D8-87A43A88869F}.Debug|x86.Build.0 = Debug|x86
		{332D2A63-0BD8-4BC8-89D8-87A43A88869F}.Release_and_Deplay|Any CPU.ActiveCfg = Release|Any CPU
		{332D2A63-0BD8-4BC8-89D8-87A43A88869F}.Release_and_Deplay|Any CPU.Build.0 = Release|Any CPU
		{332D2A63-0BD8-4BC8-89D8-87A43A88869F}.Release_and_Deplay|x86.ActiveCfg = Release|x86
		{332D2A63-0BD8-4BC8-89D8-87A43A88869F}.Release_and_Deplay|x86.Build.0 = Release|x86
		{332D2A63-0BD8-4BC8-89D8-87A43A88869F}.Release|Any CPU.ActiveCfg = Release|Any CPU
		{332D2A63-0BD8-4BC8-89D8-87A43A88869F}.Release|Any CPU.Build.0 = Release|Any CPU
		{332D2A63-0BD8-4BC8-89D8-87A43A88869F}.Release|x86.ActiveCfg = Release|x86
		{332D2A63-0BD8-4BC8-89D8-87A43A88869F}.Release|x86.Build.0 = Release|x86
		{DED6298D-FC63-470A-AE29-5DC94549DC08}.Debug_test|Any CPU.ActiveCfg = Debug_test|Any CPU
		{DED6298D-FC63-470A-AE29-5DC94549DC08}.Debug_test|Any CPU.Build.0 = Debug_test|Any CPU
		{DED6298D-FC63-470A-AE29-5DC94549DC08}.Debug_test|x86.ActiveCfg = Debug_test|x86
		{DED6298D-FC63-470A-AE29-5DC94549DC08}.Debug_test|x86.Build.0 = Debug_test|x86
		{DED6298D-FC63-470A-AE29-5DC94549DC08}.Debug|Any CPU.ActiveCfg = Debug|Any CPU
		{DED6298D-FC63-470A-AE29-5DC94549DC08}.Debug|Any CPU.Build.0 = Debug|Any CPU
		{DED6298D-FC63-470A-AE29-5DC94549DC08}.Debug|x86.ActiveCfg = Debug|x86
		{DED6298D-FC63-470A-AE29-5DC94549DC08}.Debug|x86.Build.0 = Debug|x86
		{DED6298D-FC63-470A-AE29-5DC94549DC08}.Release_and_Deplay|Any CPU.ActiveCfg = Release|Any CPU
		{DED6298D-FC63-470A-AE29-5DC94549DC08}.Release_and_Deplay|Any CPU.Build.0 = Release|Any CPU
		{DED6298D-FC63-470A-AE29-5DC94549DC08}.Release_and_Deplay|x86.ActiveCfg = Release|x86
		{DED6298D-FC63-470A-AE29-5DC94549DC08}.Release_and_Deplay|x86.Build.0 = Release|x86
		{DED6298D-FC63-470A-AE29-5DC94549DC08}.Release|Any CPU.ActiveCfg = Release|Any CPU
		{DED6298D-FC63-470A-AE29-5DC94549DC08}.Release|Any CPU.Build.0 = Release|Any CPU
		{DED6298D-FC63-470A-AE29-5DC94549DC08}.Release|x86.ActiveCfg = Release|x86
		{DED6298D-FC63-470A-AE29-5DC94549DC08}.Release|x86.Build.0 = Release|x86
		{86774E1E-C73B-4B54-A282-B713B8833147}.Debug_test|Any CPU.ActiveCfg = Debug_test|Any CPU
		{86774E1E-C73B-4B54-A282-B713B8833147}.Debug_test|Any CPU.Build.0 = Debug_test|Any CPU
		{86774E1E-C73B-4B54-A282-B713B8833147}.Debug_test|x86.ActiveCfg = Debug_test|x86
		{86774E1E-C73B-4B54-A282-B713B8833147}.Debug_test|x86.Build.0 = Debug_test|x86
		{86774E1E-C73B-4B54-A282-B713B8833147}.Debug|Any CPU.ActiveCfg = Debug|Any CPU
		{86774E1E-C73B-4B54-A282-B713B8833147}.Debug|Any CPU.Build.0 = Debug|Any CPU
		{86774E1E-C73B-4B54-A282-B713B8833147}.Debug|x86.ActiveCfg = Debug|x86
		{86774E1E-C73B-4B54-A282-B713B8833147}.Debug|x86.Build.0 = Debug|x86
		{86774E1E-C73B-4B54-A282-B713B8833147}.Release_and_Deplay|Any CPU.ActiveCfg = Release|Any CPU
		{86774E1E-C73B-4B54-A282-B713B8833147}.Release_and_Deplay|Any CPU.Build.0 = Release|Any CPU
		{86774E1E-C73B-4B54-A282-B713B8833147}.Release_and_Deplay|x86.ActiveCfg = Release|x86
		{86774E1E-C73B-4B54-A282-B713B8833147}.Release_and_Deplay|x86.Build.0 = Release|x86
		{86774E1E-C73B-4B54-A282-B713B8833147}.Release|Any CPU.ActiveCfg = Release|Any CPU
		{86774E1E-C73B-4B54-A282-B713B8833147}.Release|Any CPU.Build.0 = Release|Any CPU
		{86774E1E-C73B-4B54-A282-B713B8833147}.Release|x86.ActiveCfg = Release|x86
		{86774E1E-C73B-4B54-A282-B713B8833147}.Release|x86.Build.0 = Release|x86
		{BA078396-BA39-4FCF-AACB-5EC07B4DADDD}.Debug_test|Any CPU.ActiveCfg = Debug_test|Any CPU
		{BA078396-BA39-4FCF-AACB-5EC07B4DADDD}.Debug_test|Any CPU.Build.0 = Debug_test|Any CPU
		{BA078396-BA39-4FCF-AACB-5EC07B4DADDD}.Debug_test|x86.ActiveCfg = Debug_test|x86
		{BA078396-BA39-4FCF-AACB-5EC07B4DADDD}.Debug_test|x86.Build.0 = Debug_test|x86
		{BA078396-BA39-4FCF-AACB-5EC07B4DADDD}.Debug|Any CPU.ActiveCfg = Debug|Any CPU
		{BA078396-BA39-4FCF-AACB-5EC07B4DADDD}.Debug|Any CPU.Build.0 = Debug|Any CPU
		{BA078396-BA39-4FCF-AACB-5EC07B4DADDD}.Debug|x86.ActiveCfg = Debug|x86
		{BA078396-BA39-4FCF-AACB-5EC07B4DADDD}.Debug|x86.Build.0 = Debug|x86
		{BA078396-BA39-4FCF-AACB-5EC07B4DADDD}.Release_and_Deplay|Any CPU.ActiveCfg = Release|Any CPU
		{BA078396-BA39-4FCF-AACB-5EC07B4DADDD}.Release_and_Deplay|Any CPU.Build.0 = Release|Any CPU
		{BA078396-BA39-4FCF-AACB-5EC07B4DADDD}.Release_and_Deplay|x86.ActiveCfg = Release|x86
		{BA078396-BA39-4FCF-AACB-5EC07B4DADDD}.Release_and_Deplay|x86.Build.0 = Release|x86
		{BA078396-BA39-4FCF-AACB-5EC07B4DADDD}.Release|Any CPU.ActiveCfg = Release|Any CPU
		{BA078396-BA39-4FCF-AACB-5EC07B4DADDD}.Release|Any CPU.Build.0 = Release|Any CPU
		{BA078396-BA39-4FCF-AACB-5EC07B4DADDD}.Release|x86.ActiveCfg = Release|x86
		{BA078396-BA39-4FCF-AACB-5EC07B4DADDD}.Release|x86.Build.0 = Release|x86
		{0CD46A9B-B67E-4A20-B71C-ABBE157B2FE1}.Debug_test|Any CPU.ActiveCfg = Debug|Any CPU
		{0CD46A9B-B67E-4A20-B71C-ABBE157B2FE1}.Debug_test|Any CPU.Build.0 = Debug|Any CPU
		{0CD46A9B-B67E-4A20-B71C-ABBE157B2FE1}.Debug_test|x86.ActiveCfg = Debug|Any CPU
		{0CD46A9B-B67E-4A20-B71C-ABBE157B2FE1}.Debug_test|x86.Build.0 = Debug|Any CPU
		{0CD46A9B-B67E-4A20-B71C-ABBE157B2FE1}.Debug|Any CPU.ActiveCfg = Debug|Any CPU
		{0CD46A9B-B67E-4A20-B71C-ABBE157B2FE1}.Debug|Any CPU.Build.0 = Debug|Any CPU
		{0CD46A9B-B67E-4A20-B71C-ABBE157B2FE1}.Debug|x86.ActiveCfg = Debug|Any CPU
		{0CD46A9B-B67E-4A20-B71C-ABBE157B2FE1}.Debug|x86.Build.0 = Debug|Any CPU
		{0CD46A9B-B67E-4A20-B71C-ABBE157B2FE1}.Release_and_Deplay|Any CPU.ActiveCfg = Release|Any CPU
		{0CD46A9B-B67E-4A20-B71C-ABBE157B2FE1}.Release_and_Deplay|Any CPU.Build.0 = Release|Any CPU
		{0CD46A9B-B67E-4A20-B71C-ABBE157B2FE1}.Release_and_Deplay|x86.ActiveCfg = Release|Any CPU
		{0CD46A9B-B67E-4A20-B71C-ABBE157B2FE1}.Release_and_Deplay|x86.Build.0 = Release|Any CPU
		{0CD46A9B-B67E-4A20-B71C-ABBE157B2FE1}.Release|Any CPU.ActiveCfg = Release|Any CPU
		{0CD46A9B-B67E-4A20-B71C-ABBE157B2FE1}.Release|Any CPU.Build.0 = Release|Any CPU
		{0CD46A9B-B67E-4A20-B71C-ABBE157B2FE1}.Release|x86.ActiveCfg = Release|Any CPU
		{0CD46A9B-B67E-4A20-B71C-ABBE157B2FE1}.Release|x86.Build.0 = Release|Any CPU
		{7871CDA6-FAB9-4C00-A31B-3A9BE0C9572D}.Debug_test|Any CPU.ActiveCfg = Debug_test|Any CPU
		{7871CDA6-FAB9-4C00-A31B-3A9BE0C9572D}.Debug_test|Any CPU.Build.0 = Debug_test|Any CPU
		{7871CDA6-FAB9-4C00-A31B-3A9BE0C9572D}.Debug_test|x86.ActiveCfg = Debug_test|x86
		{7871CDA6-FAB9-4C00-A31B-3A9BE0C9572D}.Debug_test|x86.Build.0 = Debug_test|x86
		{7871CDA6-FAB9-4C00-A31B-3A9BE0C9572D}.Debug|Any CPU.ActiveCfg = Debug|Any CPU
		{7871CDA6-FAB9-4C00-A31B-3A9BE0C9572D}.Debug|Any CPU.Build.0 = Debug|Any CPU
		{7871CDA6-FAB9-4C00-A31B-3A9BE0C9572D}.Debug|x86.ActiveCfg = Debug|x86
		{7871CDA6-FAB9-4C00-A31B-3A9BE0C9572D}.Debug|x86.Build.0 = Debug|x86
		{7871CDA6-FAB9-4C00-A31B-3A9BE0C9572D}.Release_and_Deplay|Any CPU.ActiveCfg = Release|Any CPU
		{7871CDA6-FAB9-4C00-A31B-3A9BE0C9572D}.Release_and_Deplay|Any CPU.Build.0 = Release|Any CPU
		{7871CDA6-FAB9-4C00-A31B-3A9BE0C9572D}.Release_and_Deplay|x86.ActiveCfg = Release|x86
		{7871CDA6-FAB9-4C00-A31B-3A9BE0C9572D}.Release_and_Deplay|x86.Build.0 = Release|x86
		{7871CDA6-FAB9-4C00-A31B-3A9BE0C9572D}.Release|Any CPU.ActiveCfg = Release|Any CPU
		{7871CDA6-FAB9-4C00-A31B-3A9BE0C9572D}.Release|Any CPU.Build.0 = Release|Any CPU
		{7871CDA6-FAB9-4C00-A31B-3A9BE0C9572D}.Release|x86.ActiveCfg = Release|x86
		{7871CDA6-FAB9-4C00-A31B-3A9BE0C9572D}.Release|x86.Build.0 = Release|x86
		{132BFBD2-74FF-452B-9C1F-FB77BE14A9AD}.Debug_test|Any CPU.ActiveCfg = Debug_test|Any CPU
		{132BFBD2-74FF-452B-9C1F-FB77BE14A9AD}.Debug_test|Any CPU.Build.0 = Debug_test|Any CPU
		{132BFBD2-74FF-452B-9C1F-FB77BE14A9AD}.Debug_test|x86.ActiveCfg = Debug_test|x86
		{132BFBD2-74FF-452B-9C1F-FB77BE14A9AD}.Debug_test|x86.Build.0 = Debug_test|x86
		{132BFBD2-74FF-452B-9C1F-FB77BE14A9AD}.Debug|Any CPU.ActiveCfg = Debug|Any CPU
		{132BFBD2-74FF-452B-9C1F-FB77BE14A9AD}.Debug|Any CPU.Build.0 = Debug|Any CPU
		{132BFBD2-74FF-452B-9C1F-FB77BE14A9AD}.Debug|x86.ActiveCfg = Debug|x86
		{132BFBD2-74FF-452B-9C1F-FB77BE14A9AD}.Debug|x86.Build.0 = Debug|x86
		{132BFBD2-74FF-452B-9C1F-FB77BE14A9AD}.Release_and_Deplay|Any CPU.ActiveCfg = Release|Any CPU
		{132BFBD2-74FF-452B-9C1F-FB77BE14A9AD}.Release_and_Deplay|Any CPU.Build.0 = Release|Any CPU
		{132BFBD2-74FF-452B-9C1F-FB77BE14A9AD}.Release_and_Deplay|x86.ActiveCfg = Release|x86
		{132BFBD2-74FF-452B-9C1F-FB77BE14A9AD}.Release_and_Deplay|x86.Build.0 = Release|x86
		{132BFBD2-74FF-452B-9C1F-FB77BE14A9AD}.Release|Any CPU.ActiveCfg = Release|Any CPU
		{132BFBD2-74FF-452B-9C1F-FB77BE14A9AD}.Release|Any CPU.Build.0 = Release|Any CPU
		{132BFBD2-74FF-452B-9C1F-FB77BE14A9AD}.Release|x86.ActiveCfg = Release|x86
		{132BFBD2-74FF-452B-9C1F-FB77BE14A9AD}.Release|x86.Build.0 = Release|x86
		{0A5F361B-C9C2-46F1-B426-0DEBFA484059}.Debug_test|Any CPU.ActiveCfg = Debug_test|Any CPU
		{0A5F361B-C9C2-46F1-B426-0DEBFA484059}.Debug_test|Any CPU.Build.0 = Debug_test|Any CPU
		{0A5F361B-C9C2-46F1-B426-0DEBFA484059}.Debug_test|x86.ActiveCfg = Debug_test|x86
		{0A5F361B-C9C2-46F1-B426-0DEBFA484059}.Debug_test|x86.Build.0 = Debug_test|x86
		{0A5F361B-C9C2-46F1-B426-0DEBFA484059}.Debug|Any CPU.ActiveCfg = Debug|Any CPU
		{0A5F361B-C9C2-46F1-B426-0DEBFA484059}.Debug|Any CPU.Build.0 = Debug|Any CPU
		{0A5F361B-C9C2-46F1-B426-0DEBFA484059}.Debug|x86.ActiveCfg = Debug|x86
		{0A5F361B-C9C2-46F1-B426-0DEBFA484059}.Debug|x86.Build.0 = Debug|x86
		{0A5F361B-C9C2-46F1-B426-0DEBFA484059}.Release_and_Deplay|Any CPU.ActiveCfg = Release|Any CPU
		{0A5F361B-C9C2-46F1-B426-0DEBFA484059}.Release_and_Deplay|Any CPU.Build.0 = Release|Any CPU
		{0A5F361B-C9C2-46F1-B426-0DEBFA484059}.Release_and_Deplay|x86.ActiveCfg = Release|x86
		{0A5F361B-C9C2-46F1-B426-0DEBFA484059}.Release_and_Deplay|x86.Build.0 = Release|x86
		{0A5F361B-C9C2-46F1-B426-0DEBFA484059}.Release|Any CPU.ActiveCfg = Release|Any CPU
		{0A5F361B-C9C2-46F1-B426-0DEBFA484059}.Release|Any CPU.Build.0 = Release|Any CPU
		{0A5F361B-C9C2-46F1-B426-0DEBFA484059}.Release|x86.ActiveCfg = Release|x86
		{0A5F361B-C9C2-46F1-B426-0DEBFA484059}.Release|x86.Build.0 = Release|x86
		{19F4F68E-966A-42FF-936B-9CD435A3F862}.Debug_test|Any CPU.ActiveCfg = Debug_test|Any CPU
		{19F4F68E-966A-42FF-936B-9CD435A3F862}.Debug_test|Any CPU.Build.0 = Debug_test|Any CPU
		{19F4F68E-966A-42FF-936B-9CD435A3F862}.Debug_test|x86.ActiveCfg = Debug_test|x86
		{19F4F68E-966A-42FF-936B-9CD435A3F862}.Debug_test|x86.Build.0 = Debug_test|x86
		{19F4F68E-966A-42FF-936B-9CD435A3F862}.Debug|Any CPU.ActiveCfg = Debug|Any CPU
		{19F4F68E-966A-42FF-936B-9CD435A3F862}.Debug|Any CPU.Build.0 = Debug|Any CPU
		{19F4F68E-966A-42FF-936B-9CD435A3F862}.Debug|x86.ActiveCfg = Debug|x86
		{19F4F68E-966A-42FF-936B-9CD435A3F862}.Debug|x86.Build.0 = Debug|x86
		{19F4F68E-966A-42FF-936B-9CD435A3F862}.Release_and_Deplay|Any CPU.ActiveCfg = Release|Any CPU
		{19F4F68E-966A-42FF-936B-9CD435A3F862}.Release_and_Deplay|Any CPU.Build.0 = Release|Any CPU
		{19F4F68E-966A-42FF-936B-9CD435A3F862}.Release_and_Deplay|x86.ActiveCfg = Release|x86
		{19F4F68E-966A-42FF-936B-9CD435A3F862}.Release_and_Deplay|x86.Build.0 = Release|x86
		{19F4F68E-966A-42FF-936B-9CD435A3F862}.Release|Any CPU.ActiveCfg = Release|Any CPU
		{19F4F68E-966A-42FF-936B-9CD435A3F862}.Release|Any CPU.Build.0 = Release|Any CPU
		{19F4F68E-966A-42FF-936B-9CD435A3F862}.Release|x86.ActiveCfg = Release|x86
		{19F4F68E-966A-42FF-936B-9CD435A3F862}.Release|x86.Build.0 = Release|x86
		{154B1F08-68A0-4D7C-A179-96E7B348BE36}.Debug_test|Any CPU.ActiveCfg = Debug_test|Any CPU
		{154B1F08-68A0-4D7C-A179-96E7B348BE36}.Debug_test|Any CPU.Build.0 = Debug_test|Any CPU
		{154B1F08-68A0-4D7C-A179-96E7B348BE36}.Debug_test|x86.ActiveCfg = Debug_test|x86
		{154B1F08-68A0-4D7C-A179-96E7B348BE36}.Debug_test|x86.Build.0 = Debug_test|x86
		{154B1F08-68A0-4D7C-A179-96E7B348BE36}.Debug|Any CPU.ActiveCfg = Debug|Any CPU
		{154B1F08-68A0-4D7C-A179-96E7B348BE36}.Debug|Any CPU.Build.0 = Debug|Any CPU
		{154B1F08-68A0-4D7C-A179-96E7B348BE36}.Debug|x86.ActiveCfg = Debug|x86
		{154B1F08-68A0-4D7C-A179-96E7B348BE36}.Debug|x86.Build.0 = Debug|x86
		{154B1F08-68A0-4D7C-A179-96E7B348BE36}.Release_and_Deplay|Any CPU.ActiveCfg = Release|Any CPU
		{154B1F08-68A0-4D7C-A179-96E7B348BE36}.Release_and_Deplay|Any CPU.Build.0 = Release|Any CPU
		{154B1F08-68A0-4D7C-A179-96E7B348BE36}.Release_and_Deplay|x86.ActiveCfg = Release|x86
		{154B1F08-68A0-4D7C-A179-96E7B348BE36}.Release_and_Deplay|x86.Build.0 = Release|x86
		{154B1F08-68A0-4D7C-A179-96E7B348BE36}.Release|Any CPU.ActiveCfg = Release|Any CPU
		{154B1F08-68A0-4D7C-A179-96E7B348BE36}.Release|Any CPU.Build.0 = Release|Any CPU
		{154B1F08-68A0-4D7C-A179-96E7B348BE36}.Release|x86.ActiveCfg = Release|x86
		{154B1F08-68A0-4D7C-A179-96E7B348BE36}.Release|x86.Build.0 = Release|x86
		{425CF3B5-FB85-4EE6-9285-F6161DBC4371}.Debug_test|Any CPU.ActiveCfg = Debug_test|Any CPU
		{425CF3B5-FB85-4EE6-9285-F6161DBC4371}.Debug_test|Any CPU.Build.0 = Debug_test|Any CPU
		{425CF3B5-FB85-4EE6-9285-F6161DBC4371}.Debug_test|x86.ActiveCfg = Debug_test|x86
		{425CF3B5-FB85-4EE6-9285-F6161DBC4371}.Debug_test|x86.Build.0 = Debug_test|x86
		{425CF3B5-FB85-4EE6-9285-F6161DBC4371}.Debug|Any CPU.ActiveCfg = Debug|Any CPU
		{425CF3B5-FB85-4EE6-9285-F6161DBC4371}.Debug|Any CPU.Build.0 = Debug|Any CPU
		{425CF3B5-FB85-4EE6-9285-F6161DBC4371}.Debug|x86.ActiveCfg = Debug|x86
		{425CF3B5-FB85-4EE6-9285-F6161DBC4371}.Debug|x86.Build.0 = Debug|x86
		{425CF3B5-FB85-4EE6-9285-F6161DBC4371}.Release_and_Deplay|Any CPU.ActiveCfg = Release|Any CPU
		{425CF3B5-FB85-4EE6-9285-F6161DBC4371}.Release_and_Deplay|Any CPU.Build.0 = Release|Any CPU
		{425CF3B5-FB85-4EE6-9285-F6161DBC4371}.Release_and_Deplay|x86.ActiveCfg = Release|x86
		{425CF3B5-FB85-4EE6-9285-F6161DBC4371}.Release_and_Deplay|x86.Build.0 = Release|x86
		{425CF3B5-FB85-4EE6-9285-F6161DBC4371}.Release|Any CPU.ActiveCfg = Release|Any CPU
		{425CF3B5-FB85-4EE6-9285-F6161DBC4371}.Release|Any CPU.Build.0 = Release|Any CPU
		{425CF3B5-FB85-4EE6-9285-F6161DBC4371}.Release|x86.ActiveCfg = Release|x86
		{425CF3B5-FB85-4EE6-9285-F6161DBC4371}.Release|x86.Build.0 = Release|x86
		{D462F990-1E44-4DDB-9A8D-1A74F60AA59B}.Debug_test|Any CPU.ActiveCfg = Debug_test|Any CPU
		{D462F990-1E44-4DDB-9A8D-1A74F60AA59B}.Debug_test|Any CPU.Build.0 = Debug_test|Any CPU
		{D462F990-1E44-4DDB-9A8D-1A74F60AA59B}.Debug_test|x86.ActiveCfg = Debug_test|x86
		{D462F990-1E44-4DDB-9A8D-1A74F60AA59B}.Debug_test|x86.Build.0 = Debug_test|x86
		{D462F990-1E44-4DDB-9A8D-1A74F60AA59B}.Debug|Any CPU.ActiveCfg = Debug|Any CPU
		{D462F990-1E44-4DDB-9A8D-1A74F60AA59B}.Debug|Any CPU.Build.0 = Debug|Any CPU
		{D462F990-1E44-4DDB-9A8D-1A74F60AA59B}.Debug|x86.ActiveCfg = Debug|x86
		{D462F990-1E44-4DDB-9A8D-1A74F60AA59B}.Debug|x86.Build.0 = Debug|x86
		{D462F990-1E44-4DDB-9A8D-1A74F60AA59B}.Release_and_Deplay|Any CPU.ActiveCfg = Release|Any CPU
		{D462F990-1E44-4DDB-9A8D-1A74F60AA59B}.Release_and_Deplay|Any CPU.Build.0 = Release|Any CPU
		{D462F990-1E44-4DDB-9A8D-1A74F60AA59B}.Release_and_Deplay|x86.ActiveCfg = Release|x86
		{D462F990-1E44-4DDB-9A8D-1A74F60AA59B}.Release_and_Deplay|x86.Build.0 = Release|x86
		{D462F990-1E44-4DDB-9A8D-1A74F60AA59B}.Release|Any CPU.ActiveCfg = Release|Any CPU
		{D462F990-1E44-4DDB-9A8D-1A74F60AA59B}.Release|Any CPU.Build.0 = Release|Any CPU
		{D462F990-1E44-4DDB-9A8D-1A74F60AA59B}.Release|x86.ActiveCfg = Release|x86
		{D462F990-1E44-4DDB-9A8D-1A74F60AA59B}.Release|x86.Build.0 = Release|x86
		{BBF5759C-4718-4602-887C-1F3C47E1D222}.Debug_test|Any CPU.ActiveCfg = Debug_test|Any CPU
		{BBF5759C-4718-4602-887C-1F3C47E1D222}.Debug_test|Any CPU.Build.0 = Debug_test|Any CPU
		{BBF5759C-4718-4602-887C-1F3C47E1D222}.Debug_test|x86.ActiveCfg = Debug_test|x86
		{BBF5759C-4718-4602-887C-1F3C47E1D222}.Debug_test|x86.Build.0 = Debug_test|x86
		{BBF5759C-4718-4602-887C-1F3C47E1D222}.Debug|Any CPU.ActiveCfg = Debug|Any CPU
		{BBF5759C-4718-4602-887C-1F3C47E1D222}.Debug|Any CPU.Build.0 = Debug|Any CPU
		{BBF5759C-4718-4602-887C-1F3C47E1D222}.Debug|x86.ActiveCfg = Debug|x86
		{BBF5759C-4718-4602-887C-1F3C47E1D222}.Debug|x86.Build.0 = Debug|x86
		{BBF5759C-4718-4602-887C-1F3C47E1D222}.Release_and_Deplay|Any CPU.ActiveCfg = Release|Any CPU
		{BBF5759C-4718-4602-887C-1F3C47E1D222}.Release_and_Deplay|Any CPU.Build.0 = Release|Any CPU
		{BBF5759C-4718-4602-887C-1F3C47E1D222}.Release_and_Deplay|x86.ActiveCfg = Release|x86
		{BBF5759C-4718-4602-887C-1F3C47E1D222}.Release_and_Deplay|x86.Build.0 = Release|x86
		{BBF5759C-4718-4602-887C-1F3C47E1D222}.Release|Any CPU.ActiveCfg = Release|Any CPU
		{BBF5759C-4718-4602-887C-1F3C47E1D222}.Release|Any CPU.Build.0 = Release|Any CPU
		{BBF5759C-4718-4602-887C-1F3C47E1D222}.Release|x86.ActiveCfg = Release|x86
		{BBF5759C-4718-4602-887C-1F3C47E1D222}.Release|x86.Build.0 = Release|x86
		{4EFE4CE8-A773-4B74-859B-29D32147758C}.Debug_test|Any CPU.ActiveCfg = Debug_test|Any CPU
		{4EFE4CE8-A773-4B74-859B-29D32147758C}.Debug_test|Any CPU.Build.0 = Debug_test|Any CPU
		{4EFE4CE8-A773-4B74-859B-29D32147758C}.Debug_test|x86.ActiveCfg = Debug_test|x86
		{4EFE4CE8-A773-4B74-859B-29D32147758C}.Debug_test|x86.Build.0 = Debug_test|x86
		{4EFE4CE8-A773-4B74-859B-29D32147758C}.Debug|Any CPU.ActiveCfg = Debug|Any CPU
		{4EFE4CE8-A773-4B74-859B-29D32147758C}.Debug|Any CPU.Build.0 = Debug|Any CPU
		{4EFE4CE8-A773-4B74-859B-29D32147758C}.Debug|x86.ActiveCfg = Debug|x86
		{4EFE4CE8-A773-4B74-859B-29D32147758C}.Debug|x86.Build.0 = Debug|x86
		{4EFE4CE8-A773-4B74-859B-29D32147758C}.Release_and_Deplay|Any CPU.ActiveCfg = Release|Any CPU
		{4EFE4CE8-A773-4B74-859B-29D32147758C}.Release_and_Deplay|Any CPU.Build.0 = Release|Any CPU
		{4EFE4CE8-A773-4B74-859B-29D32147758C}.Release_and_Deplay|x86.ActiveCfg = Release|x86
		{4EFE4CE8-A773-4B74-859B-29D32147758C}.Release_and_Deplay|x86.Build.0 = Release|x86
		{4EFE4CE8-A773-4B74-859B-29D32147758C}.Release|Any CPU.ActiveCfg = Release|Any CPU
		{4EFE4CE8-A773-4B74-859B-29D32147758C}.Release|Any CPU.Build.0 = Release|Any CPU
		{4EFE4CE8-A773-4B74-859B-29D32147758C}.Release|x86.ActiveCfg = Release|x86
		{4EFE4CE8-A773-4B74-859B-29D32147758C}.Release|x86.Build.0 = Release|x86
		{79AA393C-563E-4ED9-A6EE-B068D6D7F627}.Debug_test|Any CPU.ActiveCfg = Debug_test|Any CPU
		{79AA393C-563E-4ED9-A6EE-B068D6D7F627}.Debug_test|Any CPU.Build.0 = Debug_test|Any CPU
		{79AA393C-563E-4ED9-A6EE-B068D6D7F627}.Debug_test|x86.ActiveCfg = Debug_test|x86
		{79AA393C-563E-4ED9-A6EE-B068D6D7F627}.Debug_test|x86.Build.0 = Debug_test|x86
		{79AA393C-563E-4ED9-A6EE-B068D6D7F627}.Debug|Any CPU.ActiveCfg = Debug|Any CPU
		{79AA393C-563E-4ED9-A6EE-B068D6D7F627}.Debug|Any CPU.Build.0 = Debug|Any CPU
		{79AA393C-563E-4ED9-A6EE-B068D6D7F627}.Debug|x86.ActiveCfg = Debug|x86
		{79AA393C-563E-4ED9-A6EE-B068D6D7F627}.Debug|x86.Build.0 = Debug|x86
		{79AA393C-563E-4ED9-A6EE-B068D6D7F627}.Release_and_Deplay|Any CPU.ActiveCfg = Release|Any CPU
		{79AA393C-563E-4ED9-A6EE-B068D6D7F627}.Release_and_Deplay|Any CPU.Build.0 = Release|Any CPU
		{79AA393C-563E-4ED9-A6EE-B068D6D7F627}.Release_and_Deplay|x86.ActiveCfg = Release|x86
		{79AA393C-563E-4ED9-A6EE-B068D6D7F627}.Release_and_Deplay|x86.Build.0 = Release|x86
		{79AA393C-563E-4ED9-A6EE-B068D6D7F627}.Release|Any CPU.ActiveCfg = Release|Any CPU
		{79AA393C-563E-4ED9-A6EE-B068D6D7F627}.Release|Any CPU.Build.0 = Release|Any CPU
		{79AA393C-563E-4ED9-A6EE-B068D6D7F627}.Release|x86.ActiveCfg = Release|x86
		{79AA393C-563E-4ED9-A6EE-B068D6D7F627}.Release|x86.Build.0 = Release|x86
		{004A9543-8B41-4E09-952F-644F76604596}.Debug_test|Any CPU.ActiveCfg = Debug_test|Any CPU
		{004A9543-8B41-4E09-952F-644F76604596}.Debug_test|Any CPU.Build.0 = Debug_test|Any CPU
		{004A9543-8B41-4E09-952F-644F76604596}.Debug_test|x86.ActiveCfg = Debug_test|x86
		{004A9543-8B41-4E09-952F-644F76604596}.Debug_test|x86.Build.0 = Debug_test|x86
		{004A9543-8B41-4E09-952F-644F76604596}.Debug|Any CPU.ActiveCfg = Debug|Any CPU
		{004A9543-8B41-4E09-952F-644F76604596}.Debug|Any CPU.Build.0 = Debug|Any CPU
		{004A9543-8B41-4E09-952F-644F76604596}.Debug|x86.ActiveCfg = Debug|x86
		{004A9543-8B41-4E09-952F-644F76604596}.Debug|x86.Build.0 = Debug|x86
		{004A9543-8B41-4E09-952F-644F76604596}.Release_and_Deplay|Any CPU.ActiveCfg = Release|Any CPU
		{004A9543-8B41-4E09-952F-644F76604596}.Release_and_Deplay|Any CPU.Build.0 = Release|Any CPU
		{004A9543-8B41-4E09-952F-644F76604596}.Release_and_Deplay|x86.ActiveCfg = Release|x86
		{004A9543-8B41-4E09-952F-644F76604596}.Release_and_Deplay|x86.Build.0 = Release|x86
		{004A9543-8B41-4E09-952F-644F76604596}.Release|Any CPU.ActiveCfg = Release|Any CPU
		{004A9543-8B41-4E09-952F-644F76604596}.Release|Any CPU.Build.0 = Release|Any CPU
		{004A9543-8B41-4E09-952F-644F76604596}.Release|x86.ActiveCfg = Release|x86
		{004A9543-8B41-4E09-952F-644F76604596}.Release|x86.Build.0 = Release|x86
		{4A2ABB6D-F193-44FE-ABAE-AAC208EFD718}.Debug_test|Any CPU.ActiveCfg = Debug_test|Any CPU
		{4A2ABB6D-F193-44FE-ABAE-AAC208EFD718}.Debug_test|Any CPU.Build.0 = Debug_test|Any CPU
		{4A2ABB6D-F193-44FE-ABAE-AAC208EFD718}.Debug_test|x86.ActiveCfg = Debug_test|x86
		{4A2ABB6D-F193-44FE-ABAE-AAC208EFD718}.Debug_test|x86.Build.0 = Debug_test|x86
		{4A2ABB6D-F193-44FE-ABAE-AAC208EFD718}.Debug|Any CPU.ActiveCfg = Debug|Any CPU
		{4A2ABB6D-F193-44FE-ABAE-AAC208EFD718}.Debug|Any CPU.Build.0 = Debug|Any CPU
		{4A2ABB6D-F193-44FE-ABAE-AAC208EFD718}.Debug|x86.ActiveCfg = Debug|x86
		{4A2ABB6D-F193-44FE-ABAE-AAC208EFD718}.Debug|x86.Build.0 = Debug|x86
		{4A2ABB6D-F193-44FE-ABAE-AAC208EFD718}.Release_and_Deplay|Any CPU.ActiveCfg = Release|Any CPU
		{4A2ABB6D-F193-44FE-ABAE-AAC208EFD718}.Release_and_Deplay|Any CPU.Build.0 = Release|Any CPU
		{4A2ABB6D-F193-44FE-ABAE-AAC208EFD718}.Release_and_Deplay|x86.ActiveCfg = Release|x86
		{4A2ABB6D-F193-44FE-ABAE-AAC208EFD718}.Release_and_Deplay|x86.Build.0 = Release|x86
		{4A2ABB6D-F193-44FE-ABAE-AAC208EFD718}.Release|Any CPU.ActiveCfg = Release|Any CPU
		{4A2ABB6D-F193-44FE-ABAE-AAC208EFD718}.Release|Any CPU.Build.0 = Release|Any CPU
		{4A2ABB6D-F193-44FE-ABAE-AAC208EFD718}.Release|x86.ActiveCfg = Release|x86
		{4A2ABB6D-F193-44FE-ABAE-AAC208EFD718}.Release|x86.Build.0 = Release|x86
		{7C17A011-6056-4ACE-ACD8-0FC6090DD945}.Debug_test|Any CPU.ActiveCfg = Debug_test|Any CPU
		{7C17A011-6056-4ACE-ACD8-0FC6090DD945}.Debug_test|Any CPU.Build.0 = Debug_test|Any CPU
		{7C17A011-6056-4ACE-ACD8-0FC6090DD945}.Debug_test|x86.ActiveCfg = Debug_test|x86
		{7C17A011-6056-4ACE-ACD8-0FC6090DD945}.Debug_test|x86.Build.0 = Debug_test|x86
		{7C17A011-6056-4ACE-ACD8-0FC6090DD945}.Debug|Any CPU.ActiveCfg = Debug|Any CPU
		{7C17A011-6056-4ACE-ACD8-0FC6090DD945}.Debug|Any CPU.Build.0 = Debug|Any CPU
		{7C17A011-6056-4ACE-ACD8-0FC6090DD945}.Debug|x86.ActiveCfg = Debug|x86
		{7C17A011-6056-4ACE-ACD8-0FC6090DD945}.Debug|x86.Build.0 = Debug|x86
		{7C17A011-6056-4ACE-ACD8-0FC6090DD945}.Release_and_Deplay|Any CPU.ActiveCfg = Release|Any CPU
		{7C17A011-6056-4ACE-ACD8-0FC6090DD945}.Release_and_Deplay|Any CPU.Build.0 = Release|Any CPU
		{7C17A011-6056-4ACE-ACD8-0FC6090DD945}.Release_and_Deplay|x86.ActiveCfg = Release|x86
		{7C17A011-6056-4ACE-ACD8-0FC6090DD945}.Release_and_Deplay|x86.Build.0 = Release|x86
		{7C17A011-6056-4ACE-ACD8-0FC6090DD945}.Release|Any CPU.ActiveCfg = Release|Any CPU
		{7C17A011-6056-4ACE-ACD8-0FC6090DD945}.Release|Any CPU.Build.0 = Release|Any CPU
		{7C17A011-6056-4ACE-ACD8-0FC6090DD945}.Release|x86.ActiveCfg = Release|x86
		{7C17A011-6056-4ACE-ACD8-0FC6090DD945}.Release|x86.Build.0 = Release|x86
		{F0E14C4C-4225-4376-90D6-5DF035BDF10B}.Debug_test|Any CPU.ActiveCfg = Debug_test|Any CPU
		{F0E14C4C-4225-4376-90D6-5DF035BDF10B}.Debug_test|Any CPU.Build.0 = Debug_test|Any CPU
		{F0E14C4C-4225-4376-90D6-5DF035BDF10B}.Debug_test|x86.ActiveCfg = Debug_test|x86
		{F0E14C4C-4225-4376-90D6-5DF035BDF10B}.Debug_test|x86.Build.0 = Debug_test|x86
		{F0E14C4C-4225-4376-90D6-5DF035BDF10B}.Debug|Any CPU.ActiveCfg = Debug|Any CPU
		{F0E14C4C-4225-4376-90D6-5DF035BDF10B}.Debug|Any CPU.Build.0 = Debug|Any CPU
		{F0E14C4C-4225-4376-90D6-5DF035BDF10B}.Debug|x86.ActiveCfg = Debug|x86
		{F0E14C4C-4225-4376-90D6-5DF035BDF10B}.Debug|x86.Build.0 = Debug|x86
		{F0E14C4C-4225-4376-90D6-5DF035BDF10B}.Release_and_Deplay|Any CPU.ActiveCfg = Release|Any CPU
		{F0E14C4C-4225-4376-90D6-5DF035BDF10B}.Release_and_Deplay|Any CPU.Build.0 = Release|Any CPU
		{F0E14C4C-4225-4376-90D6-5DF035BDF10B}.Release_and_Deplay|x86.ActiveCfg = Release|x86
		{F0E14C4C-4225-4376-90D6-5DF035BDF10B}.Release_and_Deplay|x86.Build.0 = Release|x86
		{F0E14C4C-4225-4376-90D6-5DF035BDF10B}.Release|Any CPU.ActiveCfg = Release|Any CPU
		{F0E14C4C-4225-4376-90D6-5DF035BDF10B}.Release|Any CPU.Build.0 = Release|Any CPU
		{F0E14C4C-4225-4376-90D6-5DF035BDF10B}.Release|x86.ActiveCfg = Release|x86
		{F0E14C4C-4225-4376-90D6-5DF035BDF10B}.Release|x86.Build.0 = Release|x86
		{E040550E-E138-4EFA-8890-AC48894751A4}.Debug_test|Any CPU.ActiveCfg = Debug_test|Any CPU
		{E040550E-E138-4EFA-8890-AC48894751A4}.Debug_test|Any CPU.Build.0 = Debug_test|Any CPU
		{E040550E-E138-4EFA-8890-AC48894751A4}.Debug_test|x86.ActiveCfg = Debug_test|x86
		{E040550E-E138-4EFA-8890-AC48894751A4}.Debug_test|x86.Build.0 = Debug_test|x86
		{E040550E-E138-4EFA-8890-AC48894751A4}.Debug|Any CPU.ActiveCfg = Debug|Any CPU
		{E040550E-E138-4EFA-8890-AC48894751A4}.Debug|Any CPU.Build.0 = Debug|Any CPU
		{E040550E-E138-4EFA-8890-AC48894751A4}.Debug|x86.ActiveCfg = Debug|x86
		{E040550E-E138-4EFA-8890-AC48894751A4}.Debug|x86.Build.0 = Debug|x86
		{E040550E-E138-4EFA-8890-AC48894751A4}.Release_and_Deplay|Any CPU.ActiveCfg = Release|Any CPU
		{E040550E-E138-4EFA-8890-AC48894751A4}.Release_and_Deplay|Any CPU.Build.0 = Release|Any CPU
		{E040550E-E138-4EFA-8890-AC48894751A4}.Release_and_Deplay|x86.ActiveCfg = Release|x86
		{E040550E-E138-4EFA-8890-AC48894751A4}.Release_and_Deplay|x86.Build.0 = Release|x86
		{E040550E-E138-4EFA-8890-AC48894751A4}.Release|Any CPU.ActiveCfg = Release|Any CPU
		{E040550E-E138-4EFA-8890-AC48894751A4}.Release|Any CPU.Build.0 = Release|Any CPU
		{E040550E-E138-4EFA-8890-AC48894751A4}.Release|x86.ActiveCfg = Release|x86
		{E040550E-E138-4EFA-8890-AC48894751A4}.Release|x86.Build.0 = Release|x86
		{C1694576-B6A9-46C3-83BE-E25E60563984}.Debug_test|Any CPU.ActiveCfg = Debug_test|Any CPU
		{C1694576-B6A9-46C3-83BE-E25E60563984}.Debug_test|Any CPU.Build.0 = Debug_test|Any CPU
		{C1694576-B6A9-46C3-83BE-E25E60563984}.Debug_test|x86.ActiveCfg = Debug_test|x86
		{C1694576-B6A9-46C3-83BE-E25E60563984}.Debug_test|x86.Build.0 = Debug_test|x86
		{C1694576-B6A9-46C3-83BE-E25E60563984}.Debug|Any CPU.ActiveCfg = Debug|Any CPU
		{C1694576-B6A9-46C3-83BE-E25E60563984}.Debug|Any CPU.Build.0 = Debug|Any CPU
		{C1694576-B6A9-46C3-83BE-E25E60563984}.Debug|x86.ActiveCfg = Debug|x86
		{C1694576-B6A9-46C3-83BE-E25E60563984}.Debug|x86.Build.0 = Debug|x86
		{C1694576-B6A9-46C3-83BE-E25E60563984}.Release_and_Deplay|Any CPU.ActiveCfg = Release|Any CPU
		{C1694576-B6A9-46C3-83BE-E25E60563984}.Release_and_Deplay|Any CPU.Build.0 = Release|Any CPU
		{C1694576-B6A9-46C3-83BE-E25E60563984}.Release_and_Deplay|x86.ActiveCfg = Release|x86
		{C1694576-B6A9-46C3-83BE-E25E60563984}.Release_and_Deplay|x86.Build.0 = Release|x86
		{C1694576-B6A9-46C3-83BE-E25E60563984}.Release|Any CPU.ActiveCfg = Release|Any CPU
		{C1694576-B6A9-46C3-83BE-E25E60563984}.Release|Any CPU.Build.0 = Release|Any CPU
		{C1694576-B6A9-46C3-83BE-E25E60563984}.Release|x86.ActiveCfg = Release|x86
		{C1694576-B6A9-46C3-83BE-E25E60563984}.Release|x86.Build.0 = Release|x86
		{3B31520C-6232-4DB7-A422-F62894A211F6}.Debug_test|Any CPU.ActiveCfg = Debug_test|Any CPU
		{3B31520C-6232-4DB7-A422-F62894A211F6}.Debug_test|Any CPU.Build.0 = Debug_test|Any CPU
		{3B31520C-6232-4DB7-A422-F62894A211F6}.Debug_test|x86.ActiveCfg = Debug_test|x86
		{3B31520C-6232-4DB7-A422-F62894A211F6}.Debug_test|x86.Build.0 = Debug_test|x86
		{3B31520C-6232-4DB7-A422-F62894A211F6}.Debug|Any CPU.ActiveCfg = Debug|Any CPU
		{3B31520C-6232-4DB7-A422-F62894A211F6}.Debug|Any CPU.Build.0 = Debug|Any CPU
		{3B31520C-6232-4DB7-A422-F62894A211F6}.Debug|x86.ActiveCfg = Debug|x86
		{3B31520C-6232-4DB7-A422-F62894A211F6}.Debug|x86.Build.0 = Debug|x86
		{3B31520C-6232-4DB7-A422-F62894A211F6}.Release_and_Deplay|Any CPU.ActiveCfg = Release|Any CPU
		{3B31520C-6232-4DB7-A422-F62894A211F6}.Release_and_Deplay|Any CPU.Build.0 = Release|Any CPU
		{3B31520C-6232-4DB7-A422-F62894A211F6}.Release_and_Deplay|x86.ActiveCfg = Release|x86
		{3B31520C-6232-4DB7-A422-F62894A211F6}.Release_and_Deplay|x86.Build.0 = Release|x86
		{3B31520C-6232-4DB7-A422-F62894A211F6}.Release|Any CPU.ActiveCfg = Release|Any CPU
		{3B31520C-6232-4DB7-A422-F62894A211F6}.Release|Any CPU.Build.0 = Release|Any CPU
		{3B31520C-6232-4DB7-A422-F62894A211F6}.Release|x86.ActiveCfg = Release|x86
		{3B31520C-6232-4DB7-A422-F62894A211F6}.Release|x86.Build.0 = Release|x86
		{5A00E81A-58CB-40B0-A679-1C2AF3A4551C}.Debug_test|Any CPU.ActiveCfg = Debug_test|Any CPU
		{5A00E81A-58CB-40B0-A679-1C2AF3A4551C}.Debug_test|Any CPU.Build.0 = Debug_test|Any CPU
		{5A00E81A-58CB-40B0-A679-1C2AF3A4551C}.Debug_test|x86.ActiveCfg = Debug_test|x86
		{5A00E81A-58CB-40B0-A679-1C2AF3A4551C}.Debug_test|x86.Build.0 = Debug_test|x86
		{5A00E81A-58CB-40B0-A679-1C2AF3A4551C}.Debug|Any CPU.ActiveCfg = Debug|Any CPU
		{5A00E81A-58CB-40B0-A679-1C2AF3A4551C}.Debug|Any CPU.Build.0 = Debug|Any CPU
		{5A00E81A-58CB-40B0-A679-1C2AF3A4551C}.Debug|x86.ActiveCfg = Debug|x86
		{5A00E81A-58CB-40B0-A679-1C2AF3A4551C}.Debug|x86.Build.0 = Debug|x86
		{5A00E81A-58CB-40B0-A679-1C2AF3A4551C}.Release_and_Deplay|Any CPU.ActiveCfg = Release|Any CPU
		{5A00E81A-58CB-40B0-A679-1C2AF3A4551C}.Release_and_Deplay|Any CPU.Build.0 = Release|Any CPU
		{5A00E81A-58CB-40B0-A679-1C2AF3A4551C}.Release_and_Deplay|x86.ActiveCfg = Release|x86
		{5A00E81A-58CB-40B0-A679-1C2AF3A4551C}.Release_and_Deplay|x86.Build.0 = Release|x86
		{5A00E81A-58CB-40B0-A679-1C2AF3A4551C}.Release|Any CPU.ActiveCfg = Release|Any CPU
		{5A00E81A-58CB-40B0-A679-1C2AF3A4551C}.Release|Any CPU.Build.0 = Release|Any CPU
		{5A00E81A-58CB-40B0-A679-1C2AF3A4551C}.Release|x86.ActiveCfg = Release|x86
		{5A00E81A-58CB-40B0-A679-1C2AF3A4551C}.Release|x86.Build.0 = Release|x86
		{E85AFC47-2F32-4CD1-A81F-863FB9EE7E91}.Debug_test|Any CPU.ActiveCfg = Debug_test|Any CPU
		{E85AFC47-2F32-4CD1-A81F-863FB9EE7E91}.Debug_test|Any CPU.Build.0 = Debug_test|Any CPU
		{E85AFC47-2F32-4CD1-A81F-863FB9EE7E91}.Debug_test|x86.ActiveCfg = Debug_test|x86
		{E85AFC47-2F32-4CD1-A81F-863FB9EE7E91}.Debug_test|x86.Build.0 = Debug_test|x86
		{E85AFC47-2F32-4CD1-A81F-863FB9EE7E91}.Debug|Any CPU.ActiveCfg = Debug|Any CPU
		{E85AFC47-2F32-4CD1-A81F-863FB9EE7E91}.Debug|Any CPU.Build.0 = Debug|Any CPU
		{E85AFC47-2F32-4CD1-A81F-863FB9EE7E91}.Debug|x86.ActiveCfg = Debug|x86
		{E85AFC47-2F32-4CD1-A81F-863FB9EE7E91}.Debug|x86.Build.0 = Debug|x86
		{E85AFC47-2F32-4CD1-A81F-863FB9EE7E91}.Release_and_Deplay|Any CPU.ActiveCfg = Release|Any CPU
		{E85AFC47-2F32-4CD1-A81F-863FB9EE7E91}.Release_and_Deplay|Any CPU.Build.0 = Release|Any CPU
		{E85AFC47-2F32-4CD1-A81F-863FB9EE7E91}.Release_and_Deplay|x86.ActiveCfg = Release|x86
		{E85AFC47-2F32-4CD1-A81F-863FB9EE7E91}.Release_and_Deplay|x86.Build.0 = Release|x86
		{E85AFC47-2F32-4CD1-A81F-863FB9EE7E91}.Release|Any CPU.ActiveCfg = Release|Any CPU
		{E85AFC47-2F32-4CD1-A81F-863FB9EE7E91}.Release|Any CPU.Build.0 = Release|Any CPU
		{E85AFC47-2F32-4CD1-A81F-863FB9EE7E91}.Release|x86.ActiveCfg = Release|x86
		{E85AFC47-2F32-4CD1-A81F-863FB9EE7E91}.Release|x86.Build.0 = Release|x86
		{EB156352-786D-44FB-A800-4C81652259B3}.Debug_test|Any CPU.ActiveCfg = Debug_test|Any CPU
		{EB156352-786D-44FB-A800-4C81652259B3}.Debug_test|Any CPU.Build.0 = Debug_test|Any CPU
		{EB156352-786D-44FB-A800-4C81652259B3}.Debug_test|x86.ActiveCfg = Debug_test|x86
		{EB156352-786D-44FB-A800-4C81652259B3}.Debug_test|x86.Build.0 = Debug_test|x86
		{EB156352-786D-44FB-A800-4C81652259B3}.Debug|Any CPU.ActiveCfg = Debug|Any CPU
		{EB156352-786D-44FB-A800-4C81652259B3}.Debug|Any CPU.Build.0 = Debug|Any CPU
		{EB156352-786D-44FB-A800-4C81652259B3}.Debug|x86.ActiveCfg = Debug|x86
		{EB156352-786D-44FB-A800-4C81652259B3}.Debug|x86.Build.0 = Debug|x86
		{EB156352-786D-44FB-A800-4C81652259B3}.Release_and_Deplay|Any CPU.ActiveCfg = Release|Any CPU
		{EB156352-786D-44FB-A800-4C81652259B3}.Release_and_Deplay|Any CPU.Build.0 = Release|Any CPU
		{EB156352-786D-44FB-A800-4C81652259B3}.Release_and_Deplay|x86.ActiveCfg = Release|x86
		{EB156352-786D-44FB-A800-4C81652259B3}.Release_and_Deplay|x86.Build.0 = Release|x86
		{EB156352-786D-44FB-A800-4C81652259B3}.Release|Any CPU.ActiveCfg = Release|Any CPU
		{EB156352-786D-44FB-A800-4C81652259B3}.Release|Any CPU.Build.0 = Release|Any CPU
		{EB156352-786D-44FB-A800-4C81652259B3}.Release|x86.ActiveCfg = Release|x86
		{EB156352-786D-44FB-A800-4C81652259B3}.Release|x86.Build.0 = Release|x86
		{5CB89FB1-84AA-419D-A31D-7F5BAB8EF15A}.Debug_test|Any CPU.ActiveCfg = Debug_test|Any CPU
		{5CB89FB1-84AA-419D-A31D-7F5BAB8EF15A}.Debug_test|Any CPU.Build.0 = Debug_test|Any CPU
		{5CB89FB1-84AA-419D-A31D-7F5BAB8EF15A}.Debug_test|x86.ActiveCfg = Debug_test|x86
		{5CB89FB1-84AA-419D-A31D-7F5BAB8EF15A}.Debug_test|x86.Build.0 = Debug_test|x86
		{5CB89FB1-84AA-419D-A31D-7F5BAB8EF15A}.Debug|Any CPU.ActiveCfg = Debug|Any CPU
		{5CB89FB1-84AA-419D-A31D-7F5BAB8EF15A}.Debug|Any CPU.Build.0 = Debug|Any CPU
		{5CB89FB1-84AA-419D-A31D-7F5BAB8EF15A}.Debug|x86.ActiveCfg = Debug|x86
		{5CB89FB1-84AA-419D-A31D-7F5BAB8EF15A}.Debug|x86.Build.0 = Debug|x86
		{5CB89FB1-84AA-419D-A31D-7F5BAB8EF15A}.Release_and_Deplay|Any CPU.ActiveCfg = Release|Any CPU
		{5CB89FB1-84AA-419D-A31D-7F5BAB8EF15A}.Release_and_Deplay|Any CPU.Build.0 = Release|Any CPU
		{5CB89FB1-84AA-419D-A31D-7F5BAB8EF15A}.Release_and_Deplay|x86.ActiveCfg = Release|x86
		{5CB89FB1-84AA-419D-A31D-7F5BAB8EF15A}.Release_and_Deplay|x86.Build.0 = Release|x86
		{5CB89FB1-84AA-419D-A31D-7F5BAB8EF15A}.Release|Any CPU.ActiveCfg = Release|Any CPU
		{5CB89FB1-84AA-419D-A31D-7F5BAB8EF15A}.Release|Any CPU.Build.0 = Release|Any CPU
		{5CB89FB1-84AA-419D-A31D-7F5BAB8EF15A}.Release|x86.ActiveCfg = Release|x86
		{5CB89FB1-84AA-419D-A31D-7F5BAB8EF15A}.Release|x86.Build.0 = Release|x86
		{DAF28A86-E903-4264-8E0A-D002C9B6E16A}.Debug_test|Any CPU.ActiveCfg = Debug_test|Any CPU
		{DAF28A86-E903-4264-8E0A-D002C9B6E16A}.Debug_test|Any CPU.Build.0 = Debug_test|Any CPU
		{DAF28A86-E903-4264-8E0A-D002C9B6E16A}.Debug_test|x86.ActiveCfg = Debug_test|x86
		{DAF28A86-E903-4264-8E0A-D002C9B6E16A}.Debug_test|x86.Build.0 = Debug_test|x86
		{DAF28A86-E903-4264-8E0A-D002C9B6E16A}.Debug|Any CPU.ActiveCfg = Debug|Any CPU
		{DAF28A86-E903-4264-8E0A-D002C9B6E16A}.Debug|Any CPU.Build.0 = Debug|Any CPU
		{DAF28A86-E903-4264-8E0A-D002C9B6E16A}.Debug|x86.ActiveCfg = Debug|x86
		{DAF28A86-E903-4264-8E0A-D002C9B6E16A}.Debug|x86.Build.0 = Debug|x86
		{DAF28A86-E903-4264-8E0A-D002C9B6E16A}.Release_and_Deplay|Any CPU.ActiveCfg = Release|Any CPU
		{DAF28A86-E903-4264-8E0A-D002C9B6E16A}.Release_and_Deplay|Any CPU.Build.0 = Release|Any CPU
		{DAF28A86-E903-4264-8E0A-D002C9B6E16A}.Release_and_Deplay|x86.ActiveCfg = Release|x86
		{DAF28A86-E903-4264-8E0A-D002C9B6E16A}.Release_and_Deplay|x86.Build.0 = Release|x86
		{DAF28A86-E903-4264-8E0A-D002C9B6E16A}.Release|Any CPU.ActiveCfg = Release|Any CPU
		{DAF28A86-E903-4264-8E0A-D002C9B6E16A}.Release|Any CPU.Build.0 = Release|Any CPU
		{DAF28A86-E903-4264-8E0A-D002C9B6E16A}.Release|x86.ActiveCfg = Release|x86
		{DAF28A86-E903-4264-8E0A-D002C9B6E16A}.Release|x86.Build.0 = Release|x86
		{F0EF4485-07B1-457D-A3E6-F631C179C2E6}.Debug_test|Any CPU.ActiveCfg = Debug|Any CPU
		{F0EF4485-07B1-457D-A3E6-F631C179C2E6}.Debug_test|x86.ActiveCfg = Debug_test|x86
		{F0EF4485-07B1-457D-A3E6-F631C179C2E6}.Debug_test|x86.Build.0 = Debug_test|x86
		{F0EF4485-07B1-457D-A3E6-F631C179C2E6}.Debug|Any CPU.ActiveCfg = Debug|Any CPU
		{F0EF4485-07B1-457D-A3E6-F631C179C2E6}.Debug|Any CPU.Build.0 = Debug|Any CPU
		{F0EF4485-07B1-457D-A3E6-F631C179C2E6}.Debug|x86.ActiveCfg = Debug|x86
		{F0EF4485-07B1-457D-A3E6-F631C179C2E6}.Debug|x86.Build.0 = Debug|x86
		{F0EF4485-07B1-457D-A3E6-F631C179C2E6}.Release_and_Deplay|Any CPU.ActiveCfg = Release|Any CPU
		{F0EF4485-07B1-457D-A3E6-F631C179C2E6}.Release_and_Deplay|Any CPU.Build.0 = Release|Any CPU
		{F0EF4485-07B1-457D-A3E6-F631C179C2E6}.Release_and_Deplay|x86.ActiveCfg = Release|x86
		{F0EF4485-07B1-457D-A3E6-F631C179C2E6}.Release_and_Deplay|x86.Build.0 = Release|x86
		{F0EF4485-07B1-457D-A3E6-F631C179C2E6}.Release|Any CPU.ActiveCfg = Release|Any CPU
		{F0EF4485-07B1-457D-A3E6-F631C179C2E6}.Release|Any CPU.Build.0 = Release|Any CPU
		{F0EF4485-07B1-457D-A3E6-F631C179C2E6}.Release|x86.ActiveCfg = Release|x86
		{F0EF4485-07B1-457D-A3E6-F631C179C2E6}.Release|x86.Build.0 = Release|x86
		{B7B9BBE8-6F2B-4D3B-9D60-18E00BCFD9DE}.Debug_test|Any CPU.ActiveCfg = Debug|Any CPU
		{B7B9BBE8-6F2B-4D3B-9D60-18E00BCFD9DE}.Debug_test|x86.ActiveCfg = Debug|x86
		{B7B9BBE8-6F2B-4D3B-9D60-18E00BCFD9DE}.Debug_test|x86.Build.0 = Debug|x86
		{B7B9BBE8-6F2B-4D3B-9D60-18E00BCFD9DE}.Debug|Any CPU.ActiveCfg = Debug|Any CPU
		{B7B9BBE8-6F2B-4D3B-9D60-18E00BCFD9DE}.Debug|Any CPU.Build.0 = Debug|Any CPU
		{B7B9BBE8-6F2B-4D3B-9D60-18E00BCFD9DE}.Debug|x86.ActiveCfg = Debug|x86
		{B7B9BBE8-6F2B-4D3B-9D60-18E00BCFD9DE}.Debug|x86.Build.0 = Debug|x86
		{B7B9BBE8-6F2B-4D3B-9D60-18E00BCFD9DE}.Release_and_Deplay|Any CPU.ActiveCfg = Release|Any CPU
		{B7B9BBE8-6F2B-4D3B-9D60-18E00BCFD9DE}.Release_and_Deplay|Any CPU.Build.0 = Release|Any CPU
		{B7B9BBE8-6F2B-4D3B-9D60-18E00BCFD9DE}.Release_and_Deplay|x86.ActiveCfg = Release|x86
		{B7B9BBE8-6F2B-4D3B-9D60-18E00BCFD9DE}.Release_and_Deplay|x86.Build.0 = Release|x86
		{B7B9BBE8-6F2B-4D3B-9D60-18E00BCFD9DE}.Release|Any CPU.ActiveCfg = Release|Any CPU
		{B7B9BBE8-6F2B-4D3B-9D60-18E00BCFD9DE}.Release|Any CPU.Build.0 = Release|Any CPU
		{B7B9BBE8-6F2B-4D3B-9D60-18E00BCFD9DE}.Release|x86.ActiveCfg = Release|x86
		{B7B9BBE8-6F2B-4D3B-9D60-18E00BCFD9DE}.Release|x86.Build.0 = Release|x86
		{4D2B723E-AD48-4188-8059-900A9A39D299}.Debug_test|Any CPU.ActiveCfg = Debug|Any CPU
		{4D2B723E-AD48-4188-8059-900A9A39D299}.Debug_test|x86.ActiveCfg = Debug|x86
		{4D2B723E-AD48-4188-8059-900A9A39D299}.Debug_test|x86.Build.0 = Debug|x86
		{4D2B723E-AD48-4188-8059-900A9A39D299}.Debug|Any CPU.ActiveCfg = Debug|Any CPU
		{4D2B723E-AD48-4188-8059-900A9A39D299}.Debug|Any CPU.Build.0 = Debug|Any CPU
		{4D2B723E-AD48-4188-8059-900A9A39D299}.Debug|x86.ActiveCfg = Debug|x86
		{4D2B723E-AD48-4188-8059-900A9A39D299}.Debug|x86.Build.0 = Debug|x86
		{4D2B723E-AD48-4188-8059-900A9A39D299}.Release_and_Deplay|Any CPU.ActiveCfg = Release|Any CPU
		{4D2B723E-AD48-4188-8059-900A9A39D299}.Release_and_Deplay|Any CPU.Build.0 = Release|Any CPU
		{4D2B723E-AD48-4188-8059-900A9A39D299}.Release_and_Deplay|x86.ActiveCfg = Release|x86
		{4D2B723E-AD48-4188-8059-900A9A39D299}.Release_and_Deplay|x86.Build.0 = Release|x86
		{4D2B723E-AD48-4188-8059-900A9A39D299}.Release|Any CPU.ActiveCfg = Release|Any CPU
		{4D2B723E-AD48-4188-8059-900A9A39D299}.Release|Any CPU.Build.0 = Release|Any CPU
		{4D2B723E-AD48-4188-8059-900A9A39D299}.Release|x86.ActiveCfg = Release|x86
		{4D2B723E-AD48-4188-8059-900A9A39D299}.Release|x86.Build.0 = Release|x86
		{C75E876D-56DA-4C6B-A625-4B8A657CB9A6}.Debug_test|Any CPU.ActiveCfg = Debug_test|Any CPU
		{C75E876D-56DA-4C6B-A625-4B8A657CB9A6}.Debug_test|Any CPU.Build.0 = Debug_test|Any CPU
		{C75E876D-56DA-4C6B-A625-4B8A657CB9A6}.Debug_test|x86.ActiveCfg = Debug_test|x86
		{C75E876D-56DA-4C6B-A625-4B8A657CB9A6}.Debug_test|x86.Build.0 = Debug_test|x86
		{C75E876D-56DA-4C6B-A625-4B8A657CB9A6}.Debug|Any CPU.ActiveCfg = Debug|Any CPU
		{C75E876D-56DA-4C6B-A625-4B8A657CB9A6}.Debug|Any CPU.Build.0 = Debug|Any CPU
		{C75E876D-56DA-4C6B-A625-4B8A657CB9A6}.Debug|x86.ActiveCfg = Debug|x86
		{C75E876D-56DA-4C6B-A625-4B8A657CB9A6}.Debug|x86.Build.0 = Debug|x86
		{C75E876D-56DA-4C6B-A625-4B8A657CB9A6}.Release_and_Deplay|Any CPU.ActiveCfg = Release|Any CPU
		{C75E876D-56DA-4C6B-A625-4B8A657CB9A6}.Release_and_Deplay|Any CPU.Build.0 = Release|Any CPU
		{C75E876D-56DA-4C6B-A625-4B8A657CB9A6}.Release_and_Deplay|x86.ActiveCfg = Release|x86
		{C75E876D-56DA-4C6B-A625-4B8A657CB9A6}.Release_and_Deplay|x86.Build.0 = Release|x86
		{C75E876D-56DA-4C6B-A625-4B8A657CB9A6}.Release|Any CPU.ActiveCfg = Release|Any CPU
		{C75E876D-56DA-4C6B-A625-4B8A657CB9A6}.Release|Any CPU.Build.0 = Release|Any CPU
		{C75E876D-56DA-4C6B-A625-4B8A657CB9A6}.Release|x86.ActiveCfg = Release|x86
		{C75E876D-56DA-4C6B-A625-4B8A657CB9A6}.Release|x86.Build.0 = Release|x86
		{A4590EF5-0F0E-4D1F-ACAE-2B27CAC8BAD2}.Debug_test|Any CPU.ActiveCfg = Debug_test|Any CPU
		{A4590EF5-0F0E-4D1F-ACAE-2B27CAC8BAD2}.Debug_test|Any CPU.Build.0 = Debug_test|Any CPU
		{A4590EF5-0F0E-4D1F-ACAE-2B27CAC8BAD2}.Debug_test|x86.ActiveCfg = Debug_test|x86
		{A4590EF5-0F0E-4D1F-ACAE-2B27CAC8BAD2}.Debug_test|x86.Build.0 = Debug_test|x86
		{A4590EF5-0F0E-4D1F-ACAE-2B27CAC8BAD2}.Debug|Any CPU.ActiveCfg = Debug|Any CPU
		{A4590EF5-0F0E-4D1F-ACAE-2B27CAC8BAD2}.Debug|Any CPU.Build.0 = Debug|Any CPU
		{A4590EF5-0F0E-4D1F-ACAE-2B27CAC8BAD2}.Debug|x86.ActiveCfg = Debug|x86
		{A4590EF5-0F0E-4D1F-ACAE-2B27CAC8BAD2}.Debug|x86.Build.0 = Debug|x86
		{A4590EF5-0F0E-4D1F-ACAE-2B27CAC8BAD2}.Release_and_Deplay|Any CPU.ActiveCfg = Release|Any CPU
		{A4590EF5-0F0E-4D1F-ACAE-2B27CAC8BAD2}.Release_and_Deplay|Any CPU.Build.0 = Release|Any CPU
		{A4590EF5-0F0E-4D1F-ACAE-2B27CAC8BAD2}.Release_and_Deplay|x86.ActiveCfg = Release|x86
		{A4590EF5-0F0E-4D1F-ACAE-2B27CAC8BAD2}.Release_and_Deplay|x86.Build.0 = Release|x86
		{A4590EF5-0F0E-4D1F-ACAE-2B27CAC8BAD2}.Release|Any CPU.ActiveCfg = Release|Any CPU
		{A4590EF5-0F0E-4D1F-ACAE-2B27CAC8BAD2}.Release|Any CPU.Build.0 = Release|Any CPU
		{A4590EF5-0F0E-4D1F-ACAE-2B27CAC8BAD2}.Release|x86.ActiveCfg = Release|x86
		{A4590EF5-0F0E-4D1F-ACAE-2B27CAC8BAD2}.Release|x86.Build.0 = Release|x86
		{AD9719C5-2D22-4511-B714-B55A0F539CAE}.Debug_test|Any CPU.ActiveCfg = Debug|Any CPU
		{AD9719C5-2D22-4511-B714-B55A0F539CAE}.Debug_test|Any CPU.Build.0 = Debug|Any CPU
		{AD9719C5-2D22-4511-B714-B55A0F539CAE}.Debug_test|x86.ActiveCfg = Debug|x86
		{AD9719C5-2D22-4511-B714-B55A0F539CAE}.Debug_test|x86.Build.0 = Debug|x86
		{AD9719C5-2D22-4511-B714-B55A0F539CAE}.Debug|Any CPU.ActiveCfg = Debug|Any CPU
		{AD9719C5-2D22-4511-B714-B55A0F539CAE}.Debug|Any CPU.Build.0 = Debug|Any CPU
		{AD9719C5-2D22-4511-B714-B55A0F539CAE}.Debug|x86.ActiveCfg = Debug|x86
		{AD9719C5-2D22-4511-B714-B55A0F539CAE}.Debug|x86.Build.0 = Debug|x86
		{AD9719C5-2D22-4511-B714-B55A0F539CAE}.Release_and_Deplay|Any CPU.ActiveCfg = Release|Any CPU
		{AD9719C5-2D22-4511-B714-B55A0F539CAE}.Release_and_Deplay|Any CPU.Build.0 = Release|Any CPU
		{AD9719C5-2D22-4511-B714-B55A0F539CAE}.Release_and_Deplay|x86.ActiveCfg = Release|x86
		{AD9719C5-2D22-4511-B714-B55A0F539CAE}.Release_and_Deplay|x86.Build.0 = Release|x86
		{AD9719C5-2D22-4511-B714-B55A0F539CAE}.Release|Any CPU.ActiveCfg = Release|Any CPU
		{AD9719C5-2D22-4511-B714-B55A0F539CAE}.Release|Any CPU.Build.0 = Release|Any CPU
		{AD9719C5-2D22-4511-B714-B55A0F539CAE}.Release|x86.ActiveCfg = Release|x86
		{AD9719C5-2D22-4511-B714-B55A0F539CAE}.Release|x86.Build.0 = Release|x86
		{98BB953A-7040-46F3-93A9-E66B39BA206E}.Debug_test|Any CPU.ActiveCfg = Debug_test|Any CPU
		{98BB953A-7040-46F3-93A9-E66B39BA206E}.Debug_test|Any CPU.Build.0 = Debug_test|Any CPU
		{98BB953A-7040-46F3-93A9-E66B39BA206E}.Debug_test|x86.ActiveCfg = Debug_test|x86
		{98BB953A-7040-46F3-93A9-E66B39BA206E}.Debug_test|x86.Build.0 = Debug_test|x86
		{98BB953A-7040-46F3-93A9-E66B39BA206E}.Debug|Any CPU.ActiveCfg = Debug|Any CPU
		{98BB953A-7040-46F3-93A9-E66B39BA206E}.Debug|Any CPU.Build.0 = Debug|Any CPU
		{98BB953A-7040-46F3-93A9-E66B39BA206E}.Debug|x86.ActiveCfg = Debug|x86
		{98BB953A-7040-46F3-93A9-E66B39BA206E}.Debug|x86.Build.0 = Debug|x86
		{98BB953A-7040-46F3-93A9-E66B39BA206E}.Release_and_Deplay|Any CPU.ActiveCfg = Release|Any CPU
		{98BB953A-7040-46F3-93A9-E66B39BA206E}.Release_and_Deplay|Any CPU.Build.0 = Release|Any CPU
		{98BB953A-7040-46F3-93A9-E66B39BA206E}.Release_and_Deplay|x86.ActiveCfg = Release|x86
		{98BB953A-7040-46F3-93A9-E66B39BA206E}.Release_and_Deplay|x86.Build.0 = Release|x86
		{98BB953A-7040-46F3-93A9-E66B39BA206E}.Release|Any CPU.ActiveCfg = Release|Any CPU
		{98BB953A-7040-46F3-93A9-E66B39BA206E}.Release|Any CPU.Build.0 = Release|Any CPU
		{98BB953A-7040-46F3-93A9-E66B39BA206E}.Release|x86.ActiveCfg = Release|x86
		{98BB953A-7040-46F3-93A9-E66B39BA206E}.Release|x86.Build.0 = Release|x86
		{8F2E8CBC-1C01-4A09-8336-D9BCAC8C6847}.Debug_test|Any CPU.ActiveCfg = Debug_test|Any CPU
		{8F2E8CBC-1C01-4A09-8336-D9BCAC8C6847}.Debug_test|Any CPU.Build.0 = Debug_test|Any CPU
		{8F2E8CBC-1C01-4A09-8336-D9BCAC8C6847}.Debug_test|x86.ActiveCfg = Debug_test|x86
		{8F2E8CBC-1C01-4A09-8336-D9BCAC8C6847}.Debug_test|x86.Build.0 = Debug_test|x86
		{8F2E8CBC-1C01-4A09-8336-D9BCAC8C6847}.Debug|Any CPU.ActiveCfg = Debug|Any CPU
		{8F2E8CBC-1C01-4A09-8336-D9BCAC8C6847}.Debug|Any CPU.Build.0 = Debug|Any CPU
		{8F2E8CBC-1C01-4A09-8336-D9BCAC8C6847}.Debug|x86.ActiveCfg = Debug|x86
		{8F2E8CBC-1C01-4A09-8336-D9BCAC8C6847}.Debug|x86.Build.0 = Debug|x86
		{8F2E8CBC-1C01-4A09-8336-D9BCAC8C6847}.Release_and_Deplay|Any CPU.ActiveCfg = Release|Any CPU
		{8F2E8CBC-1C01-4A09-8336-D9BCAC8C6847}.Release_and_Deplay|Any CPU.Build.0 = Release|Any CPU
		{8F2E8CBC-1C01-4A09-8336-D9BCAC8C6847}.Release_and_Deplay|x86.ActiveCfg = Release|x86
		{8F2E8CBC-1C01-4A09-8336-D9BCAC8C6847}.Release_and_Deplay|x86.Build.0 = Release|x86
		{8F2E8CBC-1C01-4A09-8336-D9BCAC8C6847}.Release|Any CPU.ActiveCfg = Release|Any CPU
		{8F2E8CBC-1C01-4A09-8336-D9BCAC8C6847}.Release|Any CPU.Build.0 = Release|Any CPU
		{8F2E8CBC-1C01-4A09-8336-D9BCAC8C6847}.Release|x86.ActiveCfg = Release|x86
		{8F2E8CBC-1C01-4A09-8336-D9BCAC8C6847}.Release|x86.Build.0 = Release|x86
		{6A2D9D21-B1ED-4983-BC3E-D5150B7179CB}.Debug_test|Any CPU.ActiveCfg = Debug|Any CPU
		{6A2D9D21-B1ED-4983-BC3E-D5150B7179CB}.Debug_test|Any CPU.Build.0 = Debug|Any CPU
		{6A2D9D21-B1ED-4983-BC3E-D5150B7179CB}.Debug_test|x86.ActiveCfg = Debug|Any CPU
		{6A2D9D21-B1ED-4983-BC3E-D5150B7179CB}.Debug_test|x86.Build.0 = Debug|Any CPU
		{6A2D9D21-B1ED-4983-BC3E-D5150B7179CB}.Debug|Any CPU.ActiveCfg = Debug|Any CPU
		{6A2D9D21-B1ED-4983-BC3E-D5150B7179CB}.Debug|Any CPU.Build.0 = Debug|Any CPU
		{6A2D9D21-B1ED-4983-BC3E-D5150B7179CB}.Debug|x86.ActiveCfg = Debug|Any CPU
		{6A2D9D21-B1ED-4983-BC3E-D5150B7179CB}.Debug|x86.Build.0 = Debug|Any CPU
		{6A2D9D21-B1ED-4983-BC3E-D5150B7179CB}.Release_and_Deplay|Any CPU.ActiveCfg = Release|Any CPU
		{6A2D9D21-B1ED-4983-BC3E-D5150B7179CB}.Release_and_Deplay|Any CPU.Build.0 = Release|Any CPU
		{6A2D9D21-B1ED-4983-BC3E-D5150B7179CB}.Release_and_Deplay|x86.ActiveCfg = Release|Any CPU
		{6A2D9D21-B1ED-4983-BC3E-D5150B7179CB}.Release_and_Deplay|x86.Build.0 = Release|Any CPU
		{6A2D9D21-B1ED-4983-BC3E-D5150B7179CB}.Release|Any CPU.ActiveCfg = Release|Any CPU
		{6A2D9D21-B1ED-4983-BC3E-D5150B7179CB}.Release|Any CPU.Build.0 = Release|Any CPU
		{6A2D9D21-B1ED-4983-BC3E-D5150B7179CB}.Release|x86.ActiveCfg = Release|Any CPU
		{6A2D9D21-B1ED-4983-BC3E-D5150B7179CB}.Release|x86.Build.0 = Release|Any CPU
		{BB846045-661E-40D0-AE94-A09E259D2C6A}.Debug_test|Any CPU.ActiveCfg = Debug|Any CPU
		{BB846045-661E-40D0-AE94-A09E259D2C6A}.Debug_test|Any CPU.Build.0 = Debug|Any CPU
		{BB846045-661E-40D0-AE94-A09E259D2C6A}.Debug_test|x86.ActiveCfg = Debug|Any CPU
		{BB846045-661E-40D0-AE94-A09E259D2C6A}.Debug_test|x86.Build.0 = Debug|Any CPU
		{BB846045-661E-40D0-AE94-A09E259D2C6A}.Debug|Any CPU.ActiveCfg = Debug|Any CPU
		{BB846045-661E-40D0-AE94-A09E259D2C6A}.Debug|Any CPU.Build.0 = Debug|Any CPU
		{BB846045-661E-40D0-AE94-A09E259D2C6A}.Debug|x86.ActiveCfg = Debug|Any CPU
		{BB846045-661E-40D0-AE94-A09E259D2C6A}.Debug|x86.Build.0 = Debug|Any CPU
		{BB846045-661E-40D0-AE94-A09E259D2C6A}.Release_and_Deplay|Any CPU.ActiveCfg = Release|Any CPU
		{BB846045-661E-40D0-AE94-A09E259D2C6A}.Release_and_Deplay|Any CPU.Build.0 = Release|Any CPU
		{BB846045-661E-40D0-AE94-A09E259D2C6A}.Release_and_Deplay|x86.ActiveCfg = Release|Any CPU
		{BB846045-661E-40D0-AE94-A09E259D2C6A}.Release_and_Deplay|x86.Build.0 = Release|Any CPU
		{BB846045-661E-40D0-AE94-A09E259D2C6A}.Release|Any CPU.ActiveCfg = Release|Any CPU
		{BB846045-661E-40D0-AE94-A09E259D2C6A}.Release|Any CPU.Build.0 = Release|Any CPU
		{BB846045-661E-40D0-AE94-A09E259D2C6A}.Release|x86.ActiveCfg = Release|Any CPU
		{BB846045-661E-40D0-AE94-A09E259D2C6A}.Release|x86.Build.0 = Release|Any CPU
		{EE25C110-9C41-45E3-8DF4-11D61DB13EF3}.Debug_test|Any CPU.ActiveCfg = Debug|Any CPU
		{EE25C110-9C41-45E3-8DF4-11D61DB13EF3}.Debug_test|Any CPU.Build.0 = Debug|Any CPU
		{EE25C110-9C41-45E3-8DF4-11D61DB13EF3}.Debug_test|x86.ActiveCfg = Debug|Any CPU
		{EE25C110-9C41-45E3-8DF4-11D61DB13EF3}.Debug_test|x86.Build.0 = Debug|Any CPU
		{EE25C110-9C41-45E3-8DF4-11D61DB13EF3}.Debug|Any CPU.ActiveCfg = Debug|Any CPU
		{EE25C110-9C41-45E3-8DF4-11D61DB13EF3}.Debug|Any CPU.Build.0 = Debug|Any CPU
		{EE25C110-9C41-45E3-8DF4-11D61DB13EF3}.Debug|x86.ActiveCfg = Debug|Any CPU
		{EE25C110-9C41-45E3-8DF4-11D61DB13EF3}.Debug|x86.Build.0 = Debug|Any CPU
		{EE25C110-9C41-45E3-8DF4-11D61DB13EF3}.Release_and_Deplay|Any CPU.ActiveCfg = Release|Any CPU
		{EE25C110-9C41-45E3-8DF4-11D61DB13EF3}.Release_and_Deplay|Any CPU.Build.0 = Release|Any CPU
		{EE25C110-9C41-45E3-8DF4-11D61DB13EF3}.Release_and_Deplay|x86.ActiveCfg = Release|Any CPU
		{EE25C110-9C41-45E3-8DF4-11D61DB13EF3}.Release_and_Deplay|x86.Build.0 = Release|Any CPU
		{EE25C110-9C41-45E3-8DF4-11D61DB13EF3}.Release|Any CPU.ActiveCfg = Release|Any CPU
		{EE25C110-9C41-45E3-8DF4-11D61DB13EF3}.Release|Any CPU.Build.0 = Release|Any CPU
		{EE25C110-9C41-45E3-8DF4-11D61DB13EF3}.Release|x86.ActiveCfg = Release|Any CPU
		{EE25C110-9C41-45E3-8DF4-11D61DB13EF3}.Release|x86.Build.0 = Release|Any CPU
		{7BA05BD4-97CA-4607-9E74-18335B9EB111}.Debug_test|Any CPU.ActiveCfg = Debug|Any CPU
		{7BA05BD4-97CA-4607-9E74-18335B9EB111}.Debug_test|Any CPU.Build.0 = Debug|Any CPU
		{7BA05BD4-97CA-4607-9E74-18335B9EB111}.Debug_test|x86.ActiveCfg = Debug|Any CPU
		{7BA05BD4-97CA-4607-9E74-18335B9EB111}.Debug_test|x86.Build.0 = Debug|Any CPU
		{7BA05BD4-97CA-4607-9E74-18335B9EB111}.Debug|Any CPU.ActiveCfg = Debug|Any CPU
		{7BA05BD4-97CA-4607-9E74-18335B9EB111}.Debug|Any CPU.Build.0 = Debug|Any CPU
		{7BA05BD4-97CA-4607-9E74-18335B9EB111}.Debug|x86.ActiveCfg = Debug|Any CPU
		{7BA05BD4-97CA-4607-9E74-18335B9EB111}.Debug|x86.Build.0 = Debug|Any CPU
		{7BA05BD4-97CA-4607-9E74-18335B9EB111}.Release_and_Deplay|Any CPU.ActiveCfg = Release|Any CPU
		{7BA05BD4-97CA-4607-9E74-18335B9EB111}.Release_and_Deplay|Any CPU.Build.0 = Release|Any CPU
		{7BA05BD4-97CA-4607-9E74-18335B9EB111}.Release_and_Deplay|x86.ActiveCfg = Release|Any CPU
		{7BA05BD4-97CA-4607-9E74-18335B9EB111}.Release_and_Deplay|x86.Build.0 = Release|Any CPU
		{7BA05BD4-97CA-4607-9E74-18335B9EB111}.Release|Any CPU.ActiveCfg = Release|Any CPU
		{7BA05BD4-97CA-4607-9E74-18335B9EB111}.Release|Any CPU.Build.0 = Release|Any CPU
		{7BA05BD4-97CA-4607-9E74-18335B9EB111}.Release|x86.ActiveCfg = Release|Any CPU
		{7BA05BD4-97CA-4607-9E74-18335B9EB111}.Release|x86.Build.0 = Release|Any CPU
		{6EAE232D-7381-4A9A-BBA6-D64DD41FEC3F}.Debug_test|Any CPU.ActiveCfg = Debug|Any CPU
		{6EAE232D-7381-4A9A-BBA6-D64DD41FEC3F}.Debug_test|Any CPU.Build.0 = Debug|Any CPU
		{6EAE232D-7381-4A9A-BBA6-D64DD41FEC3F}.Debug_test|x86.ActiveCfg = Debug|Any CPU
		{6EAE232D-7381-4A9A-BBA6-D64DD41FEC3F}.Debug_test|x86.Build.0 = Debug|Any CPU
		{6EAE232D-7381-4A9A-BBA6-D64DD41FEC3F}.Debug|Any CPU.ActiveCfg = Debug|Any CPU
		{6EAE232D-7381-4A9A-BBA6-D64DD41FEC3F}.Debug|Any CPU.Build.0 = Debug|Any CPU
		{6EAE232D-7381-4A9A-BBA6-D64DD41FEC3F}.Debug|x86.ActiveCfg = Debug|Any CPU
		{6EAE232D-7381-4A9A-BBA6-D64DD41FEC3F}.Debug|x86.Build.0 = Debug|Any CPU
		{6EAE232D-7381-4A9A-BBA6-D64DD41FEC3F}.Release_and_Deplay|Any CPU.ActiveCfg = Release|Any CPU
		{6EAE232D-7381-4A9A-BBA6-D64DD41FEC3F}.Release_and_Deplay|Any CPU.Build.0 = Release|Any CPU
		{6EAE232D-7381-4A9A-BBA6-D64DD41FEC3F}.Release_and_Deplay|x86.ActiveCfg = Release|Any CPU
		{6EAE232D-7381-4A9A-BBA6-D64DD41FEC3F}.Release_and_Deplay|x86.Build.0 = Release|Any CPU
		{6EAE232D-7381-4A9A-BBA6-D64DD41FEC3F}.Release|Any CPU.ActiveCfg = Release|Any CPU
		{6EAE232D-7381-4A9A-BBA6-D64DD41FEC3F}.Release|Any CPU.Build.0 = Release|Any CPU
		{6EAE232D-7381-4A9A-BBA6-D64DD41FEC3F}.Release|x86.ActiveCfg = Release|Any CPU
		{6EAE232D-7381-4A9A-BBA6-D64DD41FEC3F}.Release|x86.Build.0 = Release|Any CPU
		{5C5DA364-C14D-47C6-BD80-B1A6CF437CF4}.Debug_test|Any CPU.ActiveCfg = Debug|Any CPU
		{5C5DA364-C14D-47C6-BD80-B1A6CF437CF4}.Debug_test|Any CPU.Build.0 = Debug|Any CPU
		{5C5DA364-C14D-47C6-BD80-B1A6CF437CF4}.Debug_test|x86.ActiveCfg = Debug|Any CPU
		{5C5DA364-C14D-47C6-BD80-B1A6CF437CF4}.Debug_test|x86.Build.0 = Debug|Any CPU
		{5C5DA364-C14D-47C6-BD80-B1A6CF437CF4}.Debug|Any CPU.ActiveCfg = Debug|Any CPU
		{5C5DA364-C14D-47C6-BD80-B1A6CF437CF4}.Debug|Any CPU.Build.0 = Debug|Any CPU
		{5C5DA364-C14D-47C6-BD80-B1A6CF437CF4}.Debug|x86.ActiveCfg = Debug|Any CPU
		{5C5DA364-C14D-47C6-BD80-B1A6CF437CF4}.Debug|x86.Build.0 = Debug|Any CPU
		{5C5DA364-C14D-47C6-BD80-B1A6CF437CF4}.Release_and_Deplay|Any CPU.ActiveCfg = Release|Any CPU
		{5C5DA364-C14D-47C6-BD80-B1A6CF437CF4}.Release_and_Deplay|Any CPU.Build.0 = Release|Any CPU
		{5C5DA364-C14D-47C6-BD80-B1A6CF437CF4}.Release_and_Deplay|x86.ActiveCfg = Release|Any CPU
		{5C5DA364-C14D-47C6-BD80-B1A6CF437CF4}.Release_and_Deplay|x86.Build.0 = Release|Any CPU
		{5C5DA364-C14D-47C6-BD80-B1A6CF437CF4}.Release|Any CPU.ActiveCfg = Release|Any CPU
		{5C5DA364-C14D-47C6-BD80-B1A6CF437CF4}.Release|Any CPU.Build.0 = Release|Any CPU
		{5C5DA364-C14D-47C6-BD80-B1A6CF437CF4}.Release|x86.ActiveCfg = Release|Any CPU
		{5C5DA364-C14D-47C6-BD80-B1A6CF437CF4}.Release|x86.Build.0 = Release|Any CPU
		{4575607C-2F5A-46E3-9F3B-465B0B7A287C}.Debug_test|Any CPU.ActiveCfg = Debug|Any CPU
		{4575607C-2F5A-46E3-9F3B-465B0B7A287C}.Debug_test|Any CPU.Build.0 = Debug|Any CPU
		{4575607C-2F5A-46E3-9F3B-465B0B7A287C}.Debug_test|x86.ActiveCfg = Debug|Any CPU
		{4575607C-2F5A-46E3-9F3B-465B0B7A287C}.Debug_test|x86.Build.0 = Debug|Any CPU
		{4575607C-2F5A-46E3-9F3B-465B0B7A287C}.Debug|Any CPU.ActiveCfg = Debug|Any CPU
		{4575607C-2F5A-46E3-9F3B-465B0B7A287C}.Debug|Any CPU.Build.0 = Debug|Any CPU
		{4575607C-2F5A-46E3-9F3B-465B0B7A287C}.Debug|x86.ActiveCfg = Debug|Any CPU
		{4575607C-2F5A-46E3-9F3B-465B0B7A287C}.Debug|x86.Build.0 = Debug|Any CPU
		{4575607C-2F5A-46E3-9F3B-465B0B7A287C}.Release_and_Deplay|Any CPU.ActiveCfg = Release|Any CPU
		{4575607C-2F5A-46E3-9F3B-465B0B7A287C}.Release_and_Deplay|Any CPU.Build.0 = Release|Any CPU
		{4575607C-2F5A-46E3-9F3B-465B0B7A287C}.Release_and_Deplay|x86.ActiveCfg = Release|Any CPU
		{4575607C-2F5A-46E3-9F3B-465B0B7A287C}.Release_and_Deplay|x86.Build.0 = Release|Any CPU
		{4575607C-2F5A-46E3-9F3B-465B0B7A287C}.Release|Any CPU.ActiveCfg = Release|Any CPU
		{4575607C-2F5A-46E3-9F3B-465B0B7A287C}.Release|Any CPU.Build.0 = Release|Any CPU
		{4575607C-2F5A-46E3-9F3B-465B0B7A287C}.Release|x86.ActiveCfg = Release|Any CPU
		{4575607C-2F5A-46E3-9F3B-465B0B7A287C}.Release|x86.Build.0 = Release|Any CPU
		{D6880D82-B48B-4D4A-A284-F57930F86FC4}.Debug_test|Any CPU.ActiveCfg = Debug|Any CPU
		{D6880D82-B48B-4D4A-A284-F57930F86FC4}.Debug_test|Any CPU.Build.0 = Debug|Any CPU
		{D6880D82-B48B-4D4A-A284-F57930F86FC4}.Debug_test|x86.ActiveCfg = Debug|Any CPU
		{D6880D82-B48B-4D4A-A284-F57930F86FC4}.Debug_test|x86.Build.0 = Debug|Any CPU
		{D6880D82-B48B-4D4A-A284-F57930F86FC4}.Debug|Any CPU.ActiveCfg = Debug|Any CPU
		{D6880D82-B48B-4D4A-A284-F57930F86FC4}.Debug|Any CPU.Build.0 = Debug|Any CPU
		{D6880D82-B48B-4D4A-A284-F57930F86FC4}.Debug|x86.ActiveCfg = Debug|Any CPU
		{D6880D82-B48B-4D4A-A284-F57930F86FC4}.Debug|x86.Build.0 = Debug|Any CPU
		{D6880D82-B48B-4D4A-A284-F57930F86FC4}.Release_and_Deplay|Any CPU.ActiveCfg = Release|Any CPU
		{D6880D82-B48B-4D4A-A284-F57930F86FC4}.Release_and_Deplay|Any CPU.Build.0 = Release|Any CPU
		{D6880D82-B48B-4D4A-A284-F57930F86FC4}.Release_and_Deplay|x86.ActiveCfg = Release|Any CPU
		{D6880D82-B48B-4D4A-A284-F57930F86FC4}.Release_and_Deplay|x86.Build.0 = Release|Any CPU
		{D6880D82-B48B-4D4A-A284-F57930F86FC4}.Release|Any CPU.ActiveCfg = Release|Any CPU
		{D6880D82-B48B-4D4A-A284-F57930F86FC4}.Release|Any CPU.Build.0 = Release|Any CPU
		{D6880D82-B48B-4D4A-A284-F57930F86FC4}.Release|x86.ActiveCfg = Release|Any CPU
		{D6880D82-B48B-4D4A-A284-F57930F86FC4}.Release|x86.Build.0 = Release|Any CPU
		{76C4BDF9-8D01-4E7E-B9DE-4ECAF66A3F0B}.Debug_test|Any CPU.ActiveCfg = Debug|Any CPU
		{76C4BDF9-8D01-4E7E-B9DE-4ECAF66A3F0B}.Debug_test|Any CPU.Build.0 = Debug|Any CPU
		{76C4BDF9-8D01-4E7E-B9DE-4ECAF66A3F0B}.Debug_test|x86.ActiveCfg = Debug|Any CPU
		{76C4BDF9-8D01-4E7E-B9DE-4ECAF66A3F0B}.Debug_test|x86.Build.0 = Debug|Any CPU
		{76C4BDF9-8D01-4E7E-B9DE-4ECAF66A3F0B}.Debug|Any CPU.ActiveCfg = Debug|Any CPU
		{76C4BDF9-8D01-4E7E-B9DE-4ECAF66A3F0B}.Debug|Any CPU.Build.0 = Debug|Any CPU
		{76C4BDF9-8D01-4E7E-B9DE-4ECAF66A3F0B}.Debug|x86.ActiveCfg = Debug|Any CPU
		{76C4BDF9-8D01-4E7E-B9DE-4ECAF66A3F0B}.Debug|x86.Build.0 = Debug|Any CPU
		{76C4BDF9-8D01-4E7E-B9DE-4ECAF66A3F0B}.Release_and_Deplay|Any CPU.ActiveCfg = Release|Any CPU
		{76C4BDF9-8D01-4E7E-B9DE-4ECAF66A3F0B}.Release_and_Deplay|Any CPU.Build.0 = Release|Any CPU
		{76C4BDF9-8D01-4E7E-B9DE-4ECAF66A3F0B}.Release_and_Deplay|x86.ActiveCfg = Release|Any CPU
		{76C4BDF9-8D01-4E7E-B9DE-4ECAF66A3F0B}.Release_and_Deplay|x86.Build.0 = Release|Any CPU
		{76C4BDF9-8D01-4E7E-B9DE-4ECAF66A3F0B}.Release|Any CPU.ActiveCfg = Release|Any CPU
		{76C4BDF9-8D01-4E7E-B9DE-4ECAF66A3F0B}.Release|Any CPU.Build.0 = Release|Any CPU
		{76C4BDF9-8D01-4E7E-B9DE-4ECAF66A3F0B}.Release|x86.ActiveCfg = Release|Any CPU
		{76C4BDF9-8D01-4E7E-B9DE-4ECAF66A3F0B}.Release|x86.Build.0 = Release|Any CPU
		{3DCDFE09-0A0F-4ECF-B107-D8FCDADBCEEA}.Debug_test|Any CPU.ActiveCfg = Debug_test|Any CPU
		{3DCDFE09-0A0F-4ECF-B107-D8FCDADBCEEA}.Debug_test|Any CPU.Build.0 = Debug_test|Any CPU
		{3DCDFE09-0A0F-4ECF-B107-D8FCDADBCEEA}.Debug_test|x86.ActiveCfg = Debug_test|x86
		{3DCDFE09-0A0F-4ECF-B107-D8FCDADBCEEA}.Debug_test|x86.Build.0 = Debug_test|x86
		{3DCDFE09-0A0F-4ECF-B107-D8FCDADBCEEA}.Debug|Any CPU.ActiveCfg = Debug|Any CPU
		{3DCDFE09-0A0F-4ECF-B107-D8FCDADBCEEA}.Debug|Any CPU.Build.0 = Debug|Any CPU
		{3DCDFE09-0A0F-4ECF-B107-D8FCDADBCEEA}.Debug|x86.ActiveCfg = Debug|x86
		{3DCDFE09-0A0F-4ECF-B107-D8FCDADBCEEA}.Debug|x86.Build.0 = Debug|x86
		{3DCDFE09-0A0F-4ECF-B107-D8FCDADBCEEA}.Release_and_Deplay|Any CPU.ActiveCfg = Release|Any CPU
		{3DCDFE09-0A0F-4ECF-B107-D8FCDADBCEEA}.Release_and_Deplay|Any CPU.Build.0 = Release|Any CPU
		{3DCDFE09-0A0F-4ECF-B107-D8FCDADBCEEA}.Release_and_Deplay|x86.ActiveCfg = Release|x86
		{3DCDFE09-0A0F-4ECF-B107-D8FCDADBCEEA}.Release_and_Deplay|x86.Build.0 = Release|x86
		{3DCDFE09-0A0F-4ECF-B107-D8FCDADBCEEA}.Release|Any CPU.ActiveCfg = Release|Any CPU
		{3DCDFE09-0A0F-4ECF-B107-D8FCDADBCEEA}.Release|Any CPU.Build.0 = Release|Any CPU
		{3DCDFE09-0A0F-4ECF-B107-D8FCDADBCEEA}.Release|x86.ActiveCfg = Release|x86
		{3DCDFE09-0A0F-4ECF-B107-D8FCDADBCEEA}.Release|x86.Build.0 = Release|x86
		{2F4402EA-3910-49C9-B886-1702BFB7949B}.Debug_test|Any CPU.ActiveCfg = Debug_test|Any CPU
		{2F4402EA-3910-49C9-B886-1702BFB7949B}.Debug_test|Any CPU.Build.0 = Debug_test|Any CPU
		{2F4402EA-3910-49C9-B886-1702BFB7949B}.Debug_test|x86.ActiveCfg = Debug_test|x86
		{2F4402EA-3910-49C9-B886-1702BFB7949B}.Debug_test|x86.Build.0 = Debug_test|x86
		{2F4402EA-3910-49C9-B886-1702BFB7949B}.Debug|Any CPU.ActiveCfg = Debug|Any CPU
		{2F4402EA-3910-49C9-B886-1702BFB7949B}.Debug|Any CPU.Build.0 = Debug|Any CPU
		{2F4402EA-3910-49C9-B886-1702BFB7949B}.Debug|x86.ActiveCfg = Debug|x86
		{2F4402EA-3910-49C9-B886-1702BFB7949B}.Debug|x86.Build.0 = Debug|x86
		{2F4402EA-3910-49C9-B886-1702BFB7949B}.Release_and_Deplay|Any CPU.ActiveCfg = Release|Any CPU
		{2F4402EA-3910-49C9-B886-1702BFB7949B}.Release_and_Deplay|Any CPU.Build.0 = Release|Any CPU
		{2F4402EA-3910-49C9-B886-1702BFB7949B}.Release_and_Deplay|x86.ActiveCfg = Release|x86
		{2F4402EA-3910-49C9-B886-1702BFB7949B}.Release_and_Deplay|x86.Build.0 = Release|x86
		{2F4402EA-3910-49C9-B886-1702BFB7949B}.Release|Any CPU.ActiveCfg = Release|Any CPU
		{2F4402EA-3910-49C9-B886-1702BFB7949B}.Release|Any CPU.Build.0 = Release|Any CPU
		{2F4402EA-3910-49C9-B886-1702BFB7949B}.Release|x86.ActiveCfg = Release|x86
		{2F4402EA-3910-49C9-B886-1702BFB7949B}.Release|x86.Build.0 = Release|x86
		{46976426-B503-4831-AAF5-4A679BAA8592}.Debug_test|Any CPU.ActiveCfg = Debug_test|Any CPU
		{46976426-B503-4831-AAF5-4A679BAA8592}.Debug_test|Any CPU.Build.0 = Debug_test|Any CPU
		{46976426-B503-4831-AAF5-4A679BAA8592}.Debug_test|x86.ActiveCfg = Debug_test|x86
		{46976426-B503-4831-AAF5-4A679BAA8592}.Debug_test|x86.Build.0 = Debug_test|x86
		{46976426-B503-4831-AAF5-4A679BAA8592}.Debug|Any CPU.ActiveCfg = Debug|Any CPU
		{46976426-B503-4831-AAF5-4A679BAA8592}.Debug|Any CPU.Build.0 = Debug|Any CPU
		{46976426-B503-4831-AAF5-4A679BAA8592}.Debug|x86.ActiveCfg = Debug|x86
		{46976426-B503-4831-AAF5-4A679BAA8592}.Debug|x86.Build.0 = Debug|x86
		{46976426-B503-4831-AAF5-4A679BAA8592}.Release_and_Deplay|Any CPU.ActiveCfg = Release|Any CPU
		{46976426-B503-4831-AAF5-4A679BAA8592}.Release_and_Deplay|Any CPU.Build.0 = Release|Any CPU
		{46976426-B503-4831-AAF5-4A679BAA8592}.Release_and_Deplay|x86.ActiveCfg = Release|x86
		{46976426-B503-4831-AAF5-4A679BAA8592}.Release_and_Deplay|x86.Build.0 = Release|x86
		{46976426-B503-4831-AAF5-4A679BAA8592}.Release|Any CPU.ActiveCfg = Release|Any CPU
		{46976426-B503-4831-AAF5-4A679BAA8592}.Release|Any CPU.Build.0 = Release|Any CPU
		{46976426-B503-4831-AAF5-4A679BAA8592}.Release|x86.ActiveCfg = Release|x86
		{46976426-B503-4831-AAF5-4A679BAA8592}.Release|x86.Build.0 = Release|x86
		{E99CFD4D-1630-4572-BBDF-E80CD7C736E6}.Debug_test|Any CPU.ActiveCfg = Debug|Any CPU
		{E99CFD4D-1630-4572-BBDF-E80CD7C736E6}.Debug_test|Any CPU.Build.0 = Debug|Any CPU
		{E99CFD4D-1630-4572-BBDF-E80CD7C736E6}.Debug_test|x86.ActiveCfg = Debug|Any CPU
		{E99CFD4D-1630-4572-BBDF-E80CD7C736E6}.Debug_test|x86.Build.0 = Debug|Any CPU
		{E99CFD4D-1630-4572-BBDF-E80CD7C736E6}.Debug|Any CPU.ActiveCfg = Debug|Any CPU
		{E99CFD4D-1630-4572-BBDF-E80CD7C736E6}.Debug|Any CPU.Build.0 = Debug|Any CPU
		{E99CFD4D-1630-4572-BBDF-E80CD7C736E6}.Debug|x86.ActiveCfg = Debug|Any CPU
		{E99CFD4D-1630-4572-BBDF-E80CD7C736E6}.Debug|x86.Build.0 = Debug|Any CPU
		{E99CFD4D-1630-4572-BBDF-E80CD7C736E6}.Release_and_Deplay|Any CPU.ActiveCfg = Release|Any CPU
		{E99CFD4D-1630-4572-BBDF-E80CD7C736E6}.Release_and_Deplay|Any CPU.Build.0 = Release|Any CPU
		{E99CFD4D-1630-4572-BBDF-E80CD7C736E6}.Release_and_Deplay|x86.ActiveCfg = Release|Any CPU
		{E99CFD4D-1630-4572-BBDF-E80CD7C736E6}.Release_and_Deplay|x86.Build.0 = Release|Any CPU
		{E99CFD4D-1630-4572-BBDF-E80CD7C736E6}.Release|Any CPU.ActiveCfg = Release|Any CPU
		{E99CFD4D-1630-4572-BBDF-E80CD7C736E6}.Release|Any CPU.Build.0 = Release|Any CPU
		{E99CFD4D-1630-4572-BBDF-E80CD7C736E6}.Release|x86.ActiveCfg = Release|Any CPU
		{E99CFD4D-1630-4572-BBDF-E80CD7C736E6}.Release|x86.Build.0 = Release|Any CPU
	EndGlobalSection
	GlobalSection(SolutionProperties) = preSolution
		HideSolutionNode = FALSE
	EndGlobalSection
	GlobalSection(NestedProjects) = preSolution
		{DED6298D-FC63-470A-AE29-5DC94549DC08} = {1529D139-F376-45B2-984E-67DADA5D8697}
		{86774E1E-C73B-4B54-A282-B713B8833147} = {413A8310-3068-4D01-8A5A-DED391183F0B}
		{BA078396-BA39-4FCF-AACB-5EC07B4DADDD} = {24D8114E-0FD9-418E-A045-EE5E41E0FAB3}
		{0CD46A9B-B67E-4A20-B71C-ABBE157B2FE1} = {24D8114E-0FD9-418E-A045-EE5E41E0FAB3}
		{7871CDA6-FAB9-4C00-A31B-3A9BE0C9572D} = {1529D139-F376-45B2-984E-67DADA5D8697}
		{A83AF344-6A15-4F6E-A752-394447C5D6F4} = {413A8310-3068-4D01-8A5A-DED391183F0B}
		{132BFBD2-74FF-452B-9C1F-FB77BE14A9AD} = {494F4C87-C575-4AAC-BFD1-CAE1F47E3456}
		{0A5F361B-C9C2-46F1-B426-0DEBFA484059} = {494F4C87-C575-4AAC-BFD1-CAE1F47E3456}
		{19F4F68E-966A-42FF-936B-9CD435A3F862} = {1529D139-F376-45B2-984E-67DADA5D8697}
		{8C918E17-1AC4-40BB-BE53-727F225EEAEF} = {494F4C87-C575-4AAC-BFD1-CAE1F47E3456}
		{154B1F08-68A0-4D7C-A179-96E7B348BE36} = {24D8114E-0FD9-418E-A045-EE5E41E0FAB3}
		{D462F990-1E44-4DDB-9A8D-1A74F60AA59B} = {F2A02F1A-70D0-474E-A680-A72268622889}
		{BBF5759C-4718-4602-887C-1F3C47E1D222} = {F2A02F1A-70D0-474E-A680-A72268622889}
		{4EFE4CE8-A773-4B74-859B-29D32147758C} = {F2A02F1A-70D0-474E-A680-A72268622889}
		{79AA393C-563E-4ED9-A6EE-B068D6D7F627} = {413A8310-3068-4D01-8A5A-DED391183F0B}
		{676EAF0A-3C48-48C7-A885-97595AD6AA2D} = {0A044F4D-7488-4B23-A73F-87809DD3324D}
		{004A9543-8B41-4E09-952F-644F76604596} = {676EAF0A-3C48-48C7-A885-97595AD6AA2D}
		{FBEA1EAD-771E-4F21-AEF8-4D78B82544E6} = {4D59ADBD-AD76-44F1-AC55-9C4094AB49BF}
		{109EE2FF-1917-44DA-BABC-286E905AB89C} = {FBEA1EAD-771E-4F21-AEF8-4D78B82544E6}
		{4A2ABB6D-F193-44FE-ABAE-AAC208EFD718} = {8C918E17-1AC4-40BB-BE53-727F225EEAEF}
		{7C17A011-6056-4ACE-ACD8-0FC6090DD945} = {8C918E17-1AC4-40BB-BE53-727F225EEAEF}
		{F0E14C4C-4225-4376-90D6-5DF035BDF10B} = {DE0011BD-97D2-43F9-920A-BA7F9E01698C}
		{E040550E-E138-4EFA-8890-AC48894751A4} = {DE0011BD-97D2-43F9-920A-BA7F9E01698C}
		{C1694576-B6A9-46C3-83BE-E25E60563984} = {A83AF344-6A15-4F6E-A752-394447C5D6F4}
		{3B31520C-6232-4DB7-A422-F62894A211F6} = {109EE2FF-1917-44DA-BABC-286E905AB89C}
		{5A00E81A-58CB-40B0-A679-1C2AF3A4551C} = {FBEA1EAD-771E-4F21-AEF8-4D78B82544E6}
		{E85AFC47-2F32-4CD1-A81F-863FB9EE7E91} = {1529D139-F376-45B2-984E-67DADA5D8697}
		{7E456E18-29BE-439E-A1D5-33418517EA1F} = {4D59ADBD-AD76-44F1-AC55-9C4094AB49BF}
		{EB156352-786D-44FB-A800-4C81652259B3} = {7E456E18-29BE-439E-A1D5-33418517EA1F}
		{5CB89FB1-84AA-419D-A31D-7F5BAB8EF15A} = {7E456E18-29BE-439E-A1D5-33418517EA1F}
		{DAF28A86-E903-4264-8E0A-D002C9B6E16A} = {FBEA1EAD-771E-4F21-AEF8-4D78B82544E6}
		{F0EF4485-07B1-457D-A3E6-F631C179C2E6} = {109EE2FF-1917-44DA-BABC-286E905AB89C}
		{B7B9BBE8-6F2B-4D3B-9D60-18E00BCFD9DE} = {109EE2FF-1917-44DA-BABC-286E905AB89C}
		{4D2B723E-AD48-4188-8059-900A9A39D299} = {109EE2FF-1917-44DA-BABC-286E905AB89C}
		{C75E876D-56DA-4C6B-A625-4B8A657CB9A6} = {109EE2FF-1917-44DA-BABC-286E905AB89C}
		{A4590EF5-0F0E-4D1F-ACAE-2B27CAC8BAD2} = {109EE2FF-1917-44DA-BABC-286E905AB89C}
		{AD9719C5-2D22-4511-B714-B55A0F539CAE} = {DE0011BD-97D2-43F9-920A-BA7F9E01698C}
		{98BB953A-7040-46F3-93A9-E66B39BA206E} = {109EE2FF-1917-44DA-BABC-286E905AB89C}
		{8F2E8CBC-1C01-4A09-8336-D9BCAC8C6847} = {109EE2FF-1917-44DA-BABC-286E905AB89C}
		{6A2D9D21-B1ED-4983-BC3E-D5150B7179CB} = {DE0011BD-97D2-43F9-920A-BA7F9E01698C}
		{BB846045-661E-40D0-AE94-A09E259D2C6A} = {DE0011BD-97D2-43F9-920A-BA7F9E01698C}
		{EE25C110-9C41-45E3-8DF4-11D61DB13EF3} = {DE0011BD-97D2-43F9-920A-BA7F9E01698C}
		{7BA05BD4-97CA-4607-9E74-18335B9EB111} = {1529D139-F376-45B2-984E-67DADA5D8697}
		{6EAE232D-7381-4A9A-BBA6-D64DD41FEC3F} = {1529D139-F376-45B2-984E-67DADA5D8697}
		{5C5DA364-C14D-47C6-BD80-B1A6CF437CF4} = {1529D139-F376-45B2-984E-67DADA5D8697}
		{4575607C-2F5A-46E3-9F3B-465B0B7A287C} = {1529D139-F376-45B2-984E-67DADA5D8697}
		{D6880D82-B48B-4D4A-A284-F57930F86FC4} = {1529D139-F376-45B2-984E-67DADA5D8697}
		{76C4BDF9-8D01-4E7E-B9DE-4ECAF66A3F0B} = {1529D139-F376-45B2-984E-67DADA5D8697}
		{3DCDFE09-0A0F-4ECF-B107-D8FCDADBCEEA} = {109EE2FF-1917-44DA-BABC-286E905AB89C}
		{2F4402EA-3910-49C9-B886-1702BFB7949B} = {109EE2FF-1917-44DA-BABC-286E905AB89C}
		{46976426-B503-4831-AAF5-4A679BAA8592} = {FBEA1EAD-771E-4F21-AEF8-4D78B82544E6}
		{E99CFD4D-1630-4572-BBDF-E80CD7C736E6} = {261696AC-283B-40E7-B84A-13A04888452B}
	EndGlobalSection
EndGlobal
